<Solution>
  <Configurations>
    <BuildType Name="DebugGame" />
    <BuildType Name="DebugGame Editor" />
    <BuildType Name="Development" />
    <BuildType Name="Development Editor" />
    <BuildType Name="Shipping" />
    <Platform Name="Win64" />
    <Platform Name="Win64-arm64" />
    <Platform Name="Win64-arm64ec" />
  </Configurations>
  <Folder Name="/Engine/">
    <Project Path="Intermediate/ProjectFiles/UE5.vcxproj" Id="978e1da0-bbe2-3868-842f-83d5ee3c95e4">
      <BuildType Project="BuiltWithUnrealBuildTool" />
      <Platform Project="Win64" />
      <Build Project="false" />
    </Project>
  </Folder>
  <Folder Name="/Games/">
    <Project Path="Intermediate/ProjectFiles/BCSubsystem.vcxproj" Id="fc67011c-8981-3ea4-ad0e-26a5376acf80">
      <BuildType Solution="DebugGame Editor|*" Project="DebugGame_Editor" />
      <BuildType Solution="Development Editor|*" Project="Development_Editor" />
      <Platform Solution="*|Win64" Project="x64" />
      <Platform Solution="*|Win64-arm64" Project="arm64" />
      <Platform Solution="*|Win64-arm64ec" Project="arm64ec" />
    </Project>
  </Folder>
  <Folder Name="/Visualizers/">
    <File Path="C:/UE_5.8/Engine/Extras/VisualStudioDebugging/Unreal.natjmc" />
    <File Path="C:/UE_5.8/Engine/Extras/VisualStudioDebugging/Unreal.natstepfilter" />
    <File Path="C:/UE_5.8/Engine/Extras/VisualStudioDebugging/Unreal.natvis" />
  </Folder>
  <Properties Name="ddbf523f-7eb6-4887-bd51-85a714ff87eb">
    <Property Name="AvailablePlatforms" Value="Win64" />
  </Properties>
</Solution>
