// !$*UTF8*$!
{
	archiveVersion = 1;
	classes = {
	};
	objectVersion = 46;
	objects = {

/* Begin PBXBuildFile section */
		249F589D1CE3B6E2009D03E4 /* BrainCloudGroup.cpp in Sources */ = {isa = PBXBuildFile; fileRef = 249F589C1CE3B6E2009D03E4 /* BrainCloudGroup.cpp */; };
		24CB44D61E1EE13E005B1B56 /* BrainCloudMail.cpp in Sources */ = {isa = PBXBuildFile; fileRef = 24CB44D41E1EE13E005B1B56 /* BrainCloudMail.cpp */; };
		24CB44D71E1EE13E005B1B56 /* BrainCloudTournament.cpp in Sources */ = {isa = PBXBuildFile; fileRef = 24CB44D51E1EE13E005B1B56 /* BrainCloudTournament.cpp */; };
		8517BADE221C9622006E3C95 /* BrainCloudAppStore.cpp in Sources */ = {isa = PBXBuildFile; fileRef = 8517BAD2221C9622006E3C95 /* BrainCloudAppStore.cpp */; };
		8517BADF221C9622006E3C95 /* BrainCloudChat.cpp in Sources */ = {isa = PBXBuildFile; fileRef = 8517BAD3221C9622006E3C95 /* BrainCloudChat.cpp */; };
		8517BAE0221C9622006E3C95 /* BrainCloudLobby.cpp in Sources */ = {isa = PBXBuildFile; fileRef = 8517BAD4221C9622006E3C95 /* BrainCloudLobby.cpp */; };
		8517BAE1221C9622006E3C95 /* BrainCloudMessaging.cpp in Sources */ = {isa = PBXBuildFile; fileRef = 8517BAD5221C9622006E3C95 /* BrainCloudMessaging.cpp */; };
		8517BAE2221C9622006E3C95 /* BrainCloudPresence.cpp in Sources */ = {isa = PBXBuildFile; fileRef = 8517BAD6221C9622006E3C95 /* BrainCloudPresence.cpp */; };
		8517BAE3221C9622006E3C95 /* BrainCloudRTTRegistration.cpp in Sources */ = {isa = PBXBuildFile; fileRef = 8517BAD7221C9622006E3C95 /* BrainCloudRTTRegistration.cpp */; };
		8517BAE4221C9622006E3C95 /* BrainCloudVirtualCurrency.cpp in Sources */ = {isa = PBXBuildFile; fileRef = 8517BAD8221C9622006E3C95 /* BrainCloudVirtualCurrency.cpp */; };
		8517BAE5221C9622006E3C95 /* DefaultFileUploader.cpp in Sources */ = {isa = PBXBuildFile; fileRef = 8517BAD9221C9622006E3C95 /* DefaultFileUploader.cpp */; };
		8517BAE6221C9622006E3C95 /* DefaultTCPSocket.cpp in Sources */ = {isa = PBXBuildFile; fileRef = 8517BADA221C9622006E3C95 /* DefaultTCPSocket.cpp */; };
		8517BAE7221C9622006E3C95 /* DefaultWebSocket.cpp in Sources */ = {isa = PBXBuildFile; fileRef = 8517BADB221C9622006E3C95 /* DefaultWebSocket.cpp */; };
		8517BAE8221C9622006E3C95 /* RTTComms.cpp in Sources */ = {isa = PBXBuildFile; fileRef = 8517BADC221C9622006E3C95 /* RTTComms.cpp */; };
		8517BAE9221C9622006E3C95 /* SaveDataHelper.cpp in Sources */ = {isa = PBXBuildFile; fileRef = 8517BADD221C9622006E3C95 /* SaveDataHelper.cpp */; };
		DF2230391CE38B06003A7D8D /* ServiceName.cpp in Sources */ = {isa = PBXBuildFile; fileRef = DF932C851CD9231B0085137C /* ServiceName.cpp */; };
		DF22303A1CE38B06003A7D8D /* BrainCloudGlobalEntity.cpp in Sources */ = {isa = PBXBuildFile; fileRef = DF932C621CD9231B0085137C /* BrainCloudGlobalEntity.cpp */; };
		DF22303B1CE38B06003A7D8D /* URLResponse.cpp in Sources */ = {isa = PBXBuildFile; fileRef = DF932C901CD9231B0085137C /* URLResponse.cpp */; };
		DF22303C1CE38B06003A7D8D /* BrainCloudFriend.cpp in Sources */ = {isa = PBXBuildFile; fileRef = DF932C5F1CD9231B0085137C /* BrainCloudFriend.cpp */; };
		DF22303D1CE38B06003A7D8D /* BrainCloudPlayerState.cpp in Sources */ = {isa = PBXBuildFile; fileRef = DF932C681CD9231B0085137C /* BrainCloudPlayerState.cpp */; };
		DF22303E1CE38B06003A7D8D /* JsonUtil.cpp in Sources */ = {isa = PBXBuildFile; fileRef = DF932C781CD9231B0085137C /* JsonUtil.cpp */; };
		DF22303F1CE38B06003A7D8D /* BrainCloudSocialLeaderboard.cpp in Sources */ = {isa = PBXBuildFile; fileRef = DF932C711CD9231B0085137C /* BrainCloudSocialLeaderboard.cpp */; };
		DF2230411CE38B06003A7D8D /* BrainCloudGamification.cpp in Sources */ = {isa = PBXBuildFile; fileRef = DF932C601CD9231B0085137C /* BrainCloudGamification.cpp */; };
		DF2230421CE38B06003A7D8D /* BrainCloudIdentity.cpp in Sources */ = {isa = PBXBuildFile; fileRef = DF932C641CD9231B0085137C /* BrainCloudIdentity.cpp */; };
		DF2230431CE38B06003A7D8D /* md5x.c in Sources */ = {isa = PBXBuildFile; fileRef = DF932DA41CD9296E0085137C /* md5x.c */; };
		DF2230441CE38B06003A7D8D /* BrainCloudScript.cpp in Sources */ = {isa = PBXBuildFile; fileRef = DF932C701CD9231B0085137C /* BrainCloudScript.cpp */; };
		DF2230451CE38B06003A7D8D /* URLLoader.cpp in Sources */ = {isa = PBXBuildFile; fileRef = DF932C8B1CD9231B0085137C /* URLLoader.cpp */; };
		DF2230461CE38B06003A7D8D /* BrainCloudRedemptionCode.cpp in Sources */ = {isa = PBXBuildFile; fileRef = DF932C6E1CD9231B0085137C /* BrainCloudRedemptionCode.cpp */; };
		DF2230471CE38B06003A7D8D /* ServerCall.cpp in Sources */ = {isa = PBXBuildFile; fileRef = DF932C841CD9231B0085137C /* ServerCall.cpp */; };
		DF2230491CE38B06003A7D8D /* FriendPlatform.cpp in Sources */ = {isa = PBXBuildFile; fileRef = DF932C751CD9231B0085137C /* FriendPlatform.cpp */; };
		DF22304A1CE38B06003A7D8D /* ServiceOperation.cpp in Sources */ = {isa = PBXBuildFile; fileRef = DF932C861CD9231B0085137C /* ServiceOperation.cpp */; };
		DF22304B1CE38B06003A7D8D /* BrainCloudMatchmaking.cpp in Sources */ = {isa = PBXBuildFile; fileRef = DF932C651CD9231B0085137C /* BrainCloudMatchmaking.cpp */; };
		DF22304D1CE38B06003A7D8D /* BrainCloudS3Handling.cpp in Sources */ = {isa = PBXBuildFile; fileRef = DF932C6F1CD9231B0085137C /* BrainCloudS3Handling.cpp */; };
		DF22304E1CE38B06003A7D8D /* BrainCloudAsyncMatch.cpp in Sources */ = {isa = PBXBuildFile; fileRef = DF932C571CD9231B0085137C /* BrainCloudAsyncMatch.cpp */; };
		DF22304F1CE38B06003A7D8D /* TimerCallback.cpp in Sources */ = {isa = PBXBuildFile; fileRef = DF932C891CD9231B0085137C /* TimerCallback.cpp */; };
		DF2230501CE38B06003A7D8D /* GUID.cpp in Sources */ = {isa = PBXBuildFile; fileRef = DF932C761CD9231B0085137C /* GUID.cpp */; };
		DF2230511CE38B06003A7D8D /* StringUtil.cpp in Sources */ = {isa = PBXBuildFile; fileRef = DF932C871CD9231B0085137C /* StringUtil.cpp */; };
		DF2230521CE38B06003A7D8D /* BrainCloudPlayerStatisticsEvent.cpp in Sources */ = {isa = PBXBuildFile; fileRef = DF932C6A1CD9231B0085137C /* BrainCloudPlayerStatisticsEvent.cpp */; };
		DF2230531CE38B06003A7D8D /* BrainCloudOneWayMatch.cpp in Sources */ = {isa = PBXBuildFile; fileRef = DF932C661CD9231B0085137C /* BrainCloudOneWayMatch.cpp */; };
		DF2230551CE38B06003A7D8D /* URLLoaderClient.cpp in Sources */ = {isa = PBXBuildFile; fileRef = DF932C8C1CD9231B0085137C /* URLLoaderClient.cpp */; };
		DF2230571CE38B06003A7D8D /* BrainCloudTime.cpp in Sources */ = {isa = PBXBuildFile; fileRef = DF932C731CD9231B0085137C /* BrainCloudTime.cpp */; };
		DF2230581CE38B06003A7D8D /* BrainCloudDataStream.cpp in Sources */ = {isa = PBXBuildFile; fileRef = DF932C5B1CD9231B0085137C /* BrainCloudDataStream.cpp */; };
		DF2230591CE38B06003A7D8D /* BrainCloudGlobalStatistics.cpp in Sources */ = {isa = PBXBuildFile; fileRef = DF932C631CD9231B0085137C /* BrainCloudGlobalStatistics.cpp */; };
		DF22305A1CE38B06003A7D8D /* BrainCloudAuthentication.cpp in Sources */ = {isa = PBXBuildFile; fileRef = DF932C581CD9231B0085137C /* BrainCloudAuthentication.cpp */; };
		DF22305B1CE38B06003A7D8D /* BrainCloudSteam.cpp in Sources */ = {isa = PBXBuildFile; fileRef = DF932C721CD9231B0085137C /* BrainCloudSteam.cpp */; };
		DF22305C1CE38B06003A7D8D /* BrainCloudPushNotification.cpp in Sources */ = {isa = PBXBuildFile; fileRef = DF932C6D1CD9231B0085137C /* BrainCloudPushNotification.cpp */; };
		DF22305D1CE38B06003A7D8D /* AuthenticationType.cpp in Sources */ = {isa = PBXBuildFile; fileRef = DF932C561CD9231B0085137C /* AuthenticationType.cpp */; };
		DF22305F1CE38B06003A7D8D /* BrainCloudProduct.cpp in Sources */ = {isa = PBXBuildFile; fileRef = DF932C6B1CD9231B0085137C /* BrainCloudProduct.cpp */; };
		DF2230601CE38B06003A7D8D /* BrainCloudGlobalApp.cpp in Sources */ = {isa = PBXBuildFile; fileRef = DF932C611CD9231B0085137C /* BrainCloudGlobalApp.cpp */; };
		DF2230611CE38B06003A7D8D /* BrainCloudClient.cpp in Sources */ = {isa = PBXBuildFile; fileRef = DF932C591CD9231B0085137C /* BrainCloudClient.cpp */; };
		DF2230621CE38B06003A7D8D /* BrainCloudPlayerStatistics.cpp in Sources */ = {isa = PBXBuildFile; fileRef = DF932C691CD9231B0085137C /* BrainCloudPlayerStatistics.cpp */; };
		DF2230631CE38B06003A7D8D /* jsoncpp.cpp in Sources */ = {isa = PBXBuildFile; fileRef = DF932E2E1CD92B680085137C /* jsoncpp.cpp */; };
		DF2230641CE38B06003A7D8D /* Platform.cpp in Sources */ = {isa = PBXBuildFile; fileRef = DF932C831CD9231B0085137C /* Platform.cpp */; };
		DF2230651CE38B06003A7D8D /* OperationParam.cpp in Sources */ = {isa = PBXBuildFile; fileRef = DF932C821CD9231B0085137C /* OperationParam.cpp */; };
		DF2230661CE38B06003A7D8D /* URLRequest.cpp in Sources */ = {isa = PBXBuildFile; fileRef = DF932C8D1CD9231B0085137C /* URLRequest.cpp */; };
		DF2230671CE38B06003A7D8D /* BrainCloudPlaybackStream.cpp in Sources */ = {isa = PBXBuildFile; fileRef = DF932C671CD9231B0085137C /* BrainCloudPlaybackStream.cpp */; };
		DF2230681CE38B06003A7D8D /* URLRequestHeader.cpp in Sources */ = {isa = PBXBuildFile; fileRef = DF932C8E1CD9231B0085137C /* URLRequestHeader.cpp */; };
		DF2230691CE38B06003A7D8D /* BrainCloudEntity.cpp in Sources */ = {isa = PBXBuildFile; fileRef = DF932C5C1CD9231B0085137C /* BrainCloudEntity.cpp */; };
		DF22306A1CE38B06003A7D8D /* URLRequestMethod.cpp in Sources */ = {isa = PBXBuildFile; fileRef = DF932C8F1CD9231B0085137C /* URLRequestMethod.cpp */; };
		DF22306B1CE38B06003A7D8D /* BrainCloudEvent.cpp in Sources */ = {isa = PBXBuildFile; fileRef = DF932C5D1CD9231B0085137C /* BrainCloudEvent.cpp */; };
		DF22306C1CE38B06003A7D8D /* TimeUtil.cpp in Sources */ = {isa = PBXBuildFile; fileRef = DF932C8A1CD9231B0085137C /* TimeUtil.cpp */; };
		DF22306D1CE38B06003A7D8D /* BrainCloudProfanity.cpp in Sources */ = {isa = PBXBuildFile; fileRef = DF932C6C1CD9231B0085137C /* BrainCloudProfanity.cpp */; };
		DF22306F1CE38B06003A7D8D /* IBrainCloudComms.cpp in Sources */ = {isa = PBXBuildFile; fileRef = DF932C771CD9231B0085137C /* IBrainCloudComms.cpp */; };
		DF2230701CE38B06003A7D8D /* BrainCloudFile.cpp in Sources */ = {isa = PBXBuildFile; fileRef = DF932C5E1CD9231B0085137C /* BrainCloudFile.cpp */; };
		DF8E92851CEDE8FF002C2387 /* BrainCloudGroup.cpp in Sources */ = {isa = PBXBuildFile; fileRef = 249F589C1CE3B6E2009D03E4 /* BrainCloudGroup.cpp */; };
		DF8E92861CEDE8FF002C2387 /* BrainCloudGroup.cpp in Sources */ = {isa = PBXBuildFile; fileRef = 249F589C1CE3B6E2009D03E4 /* BrainCloudGroup.cpp */; };
		DF8E92871CEDE8FF002C2387 /* BrainCloudGroup.cpp in Sources */ = {isa = PBXBuildFile; fileRef = 249F589C1CE3B6E2009D03E4 /* BrainCloudGroup.cpp */; };
		DF932C981CD9231B0085137C /* AuthenticationType.cpp in Sources */ = {isa = PBXBuildFile; fileRef = DF932C561CD9231B0085137C /* AuthenticationType.cpp */; };
		DF932C991CD9231B0085137C /* BrainCloudAsyncMatch.cpp in Sources */ = {isa = PBXBuildFile; fileRef = DF932C571CD9231B0085137C /* BrainCloudAsyncMatch.cpp */; };
		DF932C9A1CD9231B0085137C /* BrainCloudAuthentication.cpp in Sources */ = {isa = PBXBuildFile; fileRef = DF932C581CD9231B0085137C /* BrainCloudAuthentication.cpp */; };
		DF932C9B1CD9231B0085137C /* BrainCloudClient.cpp in Sources */ = {isa = PBXBuildFile; fileRef = DF932C591CD9231B0085137C /* BrainCloudClient.cpp */; };
		DF932C9D1CD9231B0085137C /* BrainCloudDataStream.cpp in Sources */ = {isa = PBXBuildFile; fileRef = DF932C5B1CD9231B0085137C /* BrainCloudDataStream.cpp */; };
		DF932C9E1CD9231B0085137C /* BrainCloudEntity.cpp in Sources */ = {isa = PBXBuildFile; fileRef = DF932C5C1CD9231B0085137C /* BrainCloudEntity.cpp */; };
		DF932C9F1CD9231B0085137C /* BrainCloudEvent.cpp in Sources */ = {isa = PBXBuildFile; fileRef = DF932C5D1CD9231B0085137C /* BrainCloudEvent.cpp */; };
		DF932CA01CD9231B0085137C /* BrainCloudFile.cpp in Sources */ = {isa = PBXBuildFile; fileRef = DF932C5E1CD9231B0085137C /* BrainCloudFile.cpp */; };
		DF932CA11CD9231B0085137C /* BrainCloudFriend.cpp in Sources */ = {isa = PBXBuildFile; fileRef = DF932C5F1CD9231B0085137C /* BrainCloudFriend.cpp */; };
		DF932CA21CD9231B0085137C /* BrainCloudGamification.cpp in Sources */ = {isa = PBXBuildFile; fileRef = DF932C601CD9231B0085137C /* BrainCloudGamification.cpp */; };
		DF932CA31CD9231B0085137C /* BrainCloudGlobalApp.cpp in Sources */ = {isa = PBXBuildFile; fileRef = DF932C611CD9231B0085137C /* BrainCloudGlobalApp.cpp */; };
		DF932CA41CD9231B0085137C /* BrainCloudGlobalEntity.cpp in Sources */ = {isa = PBXBuildFile; fileRef = DF932C621CD9231B0085137C /* BrainCloudGlobalEntity.cpp */; };
		DF932CA51CD9231B0085137C /* BrainCloudGlobalStatistics.cpp in Sources */ = {isa = PBXBuildFile; fileRef = DF932C631CD9231B0085137C /* BrainCloudGlobalStatistics.cpp */; };
		DF932CA61CD9231B0085137C /* BrainCloudIdentity.cpp in Sources */ = {isa = PBXBuildFile; fileRef = DF932C641CD9231B0085137C /* BrainCloudIdentity.cpp */; };
		DF932CA71CD9231B0085137C /* BrainCloudMatchmaking.cpp in Sources */ = {isa = PBXBuildFile; fileRef = DF932C651CD9231B0085137C /* BrainCloudMatchmaking.cpp */; };
		DF932CA81CD9231B0085137C /* BrainCloudOneWayMatch.cpp in Sources */ = {isa = PBXBuildFile; fileRef = DF932C661CD9231B0085137C /* BrainCloudOneWayMatch.cpp */; };
		DF932CA91CD9231B0085137C /* BrainCloudPlaybackStream.cpp in Sources */ = {isa = PBXBuildFile; fileRef = DF932C671CD9231B0085137C /* BrainCloudPlaybackStream.cpp */; };
		DF932CAA1CD9231B0085137C /* BrainCloudPlayerState.cpp in Sources */ = {isa = PBXBuildFile; fileRef = DF932C681CD9231B0085137C /* BrainCloudPlayerState.cpp */; };
		DF932CAB1CD9231B0085137C /* BrainCloudPlayerStatistics.cpp in Sources */ = {isa = PBXBuildFile; fileRef = DF932C691CD9231B0085137C /* BrainCloudPlayerStatistics.cpp */; };
		DF932CAC1CD9231B0085137C /* BrainCloudPlayerStatisticsEvent.cpp in Sources */ = {isa = PBXBuildFile; fileRef = DF932C6A1CD9231B0085137C /* BrainCloudPlayerStatisticsEvent.cpp */; };
		DF932CAD1CD9231B0085137C /* BrainCloudProduct.cpp in Sources */ = {isa = PBXBuildFile; fileRef = DF932C6B1CD9231B0085137C /* BrainCloudProduct.cpp */; };
		DF932CAE1CD9231B0085137C /* BrainCloudProfanity.cpp in Sources */ = {isa = PBXBuildFile; fileRef = DF932C6C1CD9231B0085137C /* BrainCloudProfanity.cpp */; };
		DF932CAF1CD9231B0085137C /* BrainCloudPushNotification.cpp in Sources */ = {isa = PBXBuildFile; fileRef = DF932C6D1CD9231B0085137C /* BrainCloudPushNotification.cpp */; };
		DF932CB01CD9231B0085137C /* BrainCloudRedemptionCode.cpp in Sources */ = {isa = PBXBuildFile; fileRef = DF932C6E1CD9231B0085137C /* BrainCloudRedemptionCode.cpp */; };
		DF932CB11CD9231B0085137C /* BrainCloudS3Handling.cpp in Sources */ = {isa = PBXBuildFile; fileRef = DF932C6F1CD9231B0085137C /* BrainCloudS3Handling.cpp */; };
		DF932CB21CD9231B0085137C /* BrainCloudScript.cpp in Sources */ = {isa = PBXBuildFile; fileRef = DF932C701CD9231B0085137C /* BrainCloudScript.cpp */; };
		DF932CB31CD9231B0085137C /* BrainCloudSocialLeaderboard.cpp in Sources */ = {isa = PBXBuildFile; fileRef = DF932C711CD9231B0085137C /* BrainCloudSocialLeaderboard.cpp */; };
		DF932CB41CD9231B0085137C /* BrainCloudSteam.cpp in Sources */ = {isa = PBXBuildFile; fileRef = DF932C721CD9231B0085137C /* BrainCloudSteam.cpp */; };
		DF932CB51CD9231B0085137C /* BrainCloudTime.cpp in Sources */ = {isa = PBXBuildFile; fileRef = DF932C731CD9231B0085137C /* BrainCloudTime.cpp */; };
		DF932CB71CD9231B0085137C /* FriendPlatform.cpp in Sources */ = {isa = PBXBuildFile; fileRef = DF932C751CD9231B0085137C /* FriendPlatform.cpp */; };
		DF932CB81CD9231B0085137C /* GUID.cpp in Sources */ = {isa = PBXBuildFile; fileRef = DF932C761CD9231B0085137C /* GUID.cpp */; };
		DF932CB91CD9231B0085137C /* IBrainCloudComms.cpp in Sources */ = {isa = PBXBuildFile; fileRef = DF932C771CD9231B0085137C /* IBrainCloudComms.cpp */; };
		DF932CBA1CD9231B0085137C /* JsonUtil.cpp in Sources */ = {isa = PBXBuildFile; fileRef = DF932C781CD9231B0085137C /* JsonUtil.cpp */; };
		DF932CC11CD9231B0085137C /* OperationParam.cpp in Sources */ = {isa = PBXBuildFile; fileRef = DF932C821CD9231B0085137C /* OperationParam.cpp */; };
		DF932CC21CD9231B0085137C /* Platform.cpp in Sources */ = {isa = PBXBuildFile; fileRef = DF932C831CD9231B0085137C /* Platform.cpp */; };
		DF932CC31CD9231B0085137C /* ServerCall.cpp in Sources */ = {isa = PBXBuildFile; fileRef = DF932C841CD9231B0085137C /* ServerCall.cpp */; };
		DF932CC41CD9231B0085137C /* ServiceName.cpp in Sources */ = {isa = PBXBuildFile; fileRef = DF932C851CD9231B0085137C /* ServiceName.cpp */; };
		DF932CC51CD9231B0085137C /* ServiceOperation.cpp in Sources */ = {isa = PBXBuildFile; fileRef = DF932C861CD9231B0085137C /* ServiceOperation.cpp */; };
		DF932CC61CD9231B0085137C /* StringUtil.cpp in Sources */ = {isa = PBXBuildFile; fileRef = DF932C871CD9231B0085137C /* StringUtil.cpp */; };
		DF932CC81CD9231B0085137C /* TimerCallback.cpp in Sources */ = {isa = PBXBuildFile; fileRef = DF932C891CD9231B0085137C /* TimerCallback.cpp */; };
		DF932CC91CD9231B0085137C /* TimeUtil.cpp in Sources */ = {isa = PBXBuildFile; fileRef = DF932C8A1CD9231B0085137C /* TimeUtil.cpp */; };
		DF932CCA1CD9231B0085137C /* URLLoader.cpp in Sources */ = {isa = PBXBuildFile; fileRef = DF932C8B1CD9231B0085137C /* URLLoader.cpp */; };
		DF932CCB1CD9231B0085137C /* URLLoaderClient.cpp in Sources */ = {isa = PBXBuildFile; fileRef = DF932C8C1CD9231B0085137C /* URLLoaderClient.cpp */; };
		DF932CCC1CD9231B0085137C /* URLRequest.cpp in Sources */ = {isa = PBXBuildFile; fileRef = DF932C8D1CD9231B0085137C /* URLRequest.cpp */; };
		DF932CCD1CD9231B0085137C /* URLRequestHeader.cpp in Sources */ = {isa = PBXBuildFile; fileRef = DF932C8E1CD9231B0085137C /* URLRequestHeader.cpp */; };
		DF932CCE1CD9231B0085137C /* URLRequestMethod.cpp in Sources */ = {isa = PBXBuildFile; fileRef = DF932C8F1CD9231B0085137C /* URLRequestMethod.cpp */; };
		DF932CCF1CD9231B0085137C /* URLResponse.cpp in Sources */ = {isa = PBXBuildFile; fileRef = DF932C901CD9231B0085137C /* URLResponse.cpp */; };
		DF932DA51CD9296E0085137C /* md5x.c in Sources */ = {isa = PBXBuildFile; fileRef = DF932DA41CD9296E0085137C /* md5x.c */; };
		DF932DA71CD9296E0085137C /* md5x.c in Sources */ = {isa = PBXBuildFile; fileRef = DF932DA41CD9296E0085137C /* md5x.c */; };
		DF932DA81CD92AAB0085137C /* AuthenticationType.cpp in Sources */ = {isa = PBXBuildFile; fileRef = DF932C561CD9231B0085137C /* AuthenticationType.cpp */; };
		DF932DA91CD92AAB0085137C /* BrainCloudAsyncMatch.cpp in Sources */ = {isa = PBXBuildFile; fileRef = DF932C571CD9231B0085137C /* BrainCloudAsyncMatch.cpp */; };
		DF932DAA1CD92AAB0085137C /* BrainCloudAuthentication.cpp in Sources */ = {isa = PBXBuildFile; fileRef = DF932C581CD9231B0085137C /* BrainCloudAuthentication.cpp */; };
		DF932DAB1CD92AAB0085137C /* BrainCloudClient.cpp in Sources */ = {isa = PBXBuildFile; fileRef = DF932C591CD9231B0085137C /* BrainCloudClient.cpp */; };
		DF932DAD1CD92AAB0085137C /* BrainCloudDataStream.cpp in Sources */ = {isa = PBXBuildFile; fileRef = DF932C5B1CD9231B0085137C /* BrainCloudDataStream.cpp */; };
		DF932DAE1CD92AAB0085137C /* BrainCloudEntity.cpp in Sources */ = {isa = PBXBuildFile; fileRef = DF932C5C1CD9231B0085137C /* BrainCloudEntity.cpp */; };
		DF932DAF1CD92AAB0085137C /* BrainCloudEvent.cpp in Sources */ = {isa = PBXBuildFile; fileRef = DF932C5D1CD9231B0085137C /* BrainCloudEvent.cpp */; };
		DF932DB01CD92AAB0085137C /* BrainCloudFile.cpp in Sources */ = {isa = PBXBuildFile; fileRef = DF932C5E1CD9231B0085137C /* BrainCloudFile.cpp */; };
		DF932DB11CD92AAB0085137C /* BrainCloudFriend.cpp in Sources */ = {isa = PBXBuildFile; fileRef = DF932C5F1CD9231B0085137C /* BrainCloudFriend.cpp */; };
		DF932DB21CD92AAB0085137C /* BrainCloudGamification.cpp in Sources */ = {isa = PBXBuildFile; fileRef = DF932C601CD9231B0085137C /* BrainCloudGamification.cpp */; };
		DF932DB31CD92AAB0085137C /* BrainCloudGlobalApp.cpp in Sources */ = {isa = PBXBuildFile; fileRef = DF932C611CD9231B0085137C /* BrainCloudGlobalApp.cpp */; };
		DF932DB41CD92AAB0085137C /* BrainCloudGlobalEntity.cpp in Sources */ = {isa = PBXBuildFile; fileRef = DF932C621CD9231B0085137C /* BrainCloudGlobalEntity.cpp */; };
		DF932DB51CD92AAB0085137C /* BrainCloudGlobalStatistics.cpp in Sources */ = {isa = PBXBuildFile; fileRef = DF932C631CD9231B0085137C /* BrainCloudGlobalStatistics.cpp */; };
		DF932DB61CD92AAB0085137C /* BrainCloudIdentity.cpp in Sources */ = {isa = PBXBuildFile; fileRef = DF932C641CD9231B0085137C /* BrainCloudIdentity.cpp */; };
		DF932DB71CD92AAB0085137C /* BrainCloudMatchmaking.cpp in Sources */ = {isa = PBXBuildFile; fileRef = DF932C651CD9231B0085137C /* BrainCloudMatchmaking.cpp */; };
		DF932DB81CD92AAB0085137C /* BrainCloudOneWayMatch.cpp in Sources */ = {isa = PBXBuildFile; fileRef = DF932C661CD9231B0085137C /* BrainCloudOneWayMatch.cpp */; };
		DF932DB91CD92AAB0085137C /* BrainCloudPlaybackStream.cpp in Sources */ = {isa = PBXBuildFile; fileRef = DF932C671CD9231B0085137C /* BrainCloudPlaybackStream.cpp */; };
		DF932DBA1CD92AAB0085137C /* BrainCloudPlayerState.cpp in Sources */ = {isa = PBXBuildFile; fileRef = DF932C681CD9231B0085137C /* BrainCloudPlayerState.cpp */; };
		DF932DBB1CD92AAB0085137C /* BrainCloudPlayerStatistics.cpp in Sources */ = {isa = PBXBuildFile; fileRef = DF932C691CD9231B0085137C /* BrainCloudPlayerStatistics.cpp */; };
		DF932DBC1CD92AAB0085137C /* BrainCloudPlayerStatisticsEvent.cpp in Sources */ = {isa = PBXBuildFile; fileRef = DF932C6A1CD9231B0085137C /* BrainCloudPlayerStatisticsEvent.cpp */; };
		DF932DBD1CD92AAB0085137C /* BrainCloudProduct.cpp in Sources */ = {isa = PBXBuildFile; fileRef = DF932C6B1CD9231B0085137C /* BrainCloudProduct.cpp */; };
		DF932DBE1CD92AAB0085137C /* BrainCloudProfanity.cpp in Sources */ = {isa = PBXBuildFile; fileRef = DF932C6C1CD9231B0085137C /* BrainCloudProfanity.cpp */; };
		DF932DBF1CD92AAB0085137C /* BrainCloudPushNotification.cpp in Sources */ = {isa = PBXBuildFile; fileRef = DF932C6D1CD9231B0085137C /* BrainCloudPushNotification.cpp */; };
		DF932DC01CD92AAB0085137C /* BrainCloudRedemptionCode.cpp in Sources */ = {isa = PBXBuildFile; fileRef = DF932C6E1CD9231B0085137C /* BrainCloudRedemptionCode.cpp */; };
		DF932DC11CD92AAB0085137C /* BrainCloudS3Handling.cpp in Sources */ = {isa = PBXBuildFile; fileRef = DF932C6F1CD9231B0085137C /* BrainCloudS3Handling.cpp */; };
		DF932DC21CD92AAB0085137C /* BrainCloudScript.cpp in Sources */ = {isa = PBXBuildFile; fileRef = DF932C701CD9231B0085137C /* BrainCloudScript.cpp */; };
		DF932DC31CD92AAB0085137C /* BrainCloudSocialLeaderboard.cpp in Sources */ = {isa = PBXBuildFile; fileRef = DF932C711CD9231B0085137C /* BrainCloudSocialLeaderboard.cpp */; };
		DF932DC41CD92AAB0085137C /* BrainCloudSteam.cpp in Sources */ = {isa = PBXBuildFile; fileRef = DF932C721CD9231B0085137C /* BrainCloudSteam.cpp */; };
		DF932DC51CD92AAB0085137C /* BrainCloudTime.cpp in Sources */ = {isa = PBXBuildFile; fileRef = DF932C731CD9231B0085137C /* BrainCloudTime.cpp */; };
		DF932DC71CD92AAB0085137C /* FriendPlatform.cpp in Sources */ = {isa = PBXBuildFile; fileRef = DF932C751CD9231B0085137C /* FriendPlatform.cpp */; };
		DF932DC81CD92AAB0085137C /* GUID.cpp in Sources */ = {isa = PBXBuildFile; fileRef = DF932C761CD9231B0085137C /* GUID.cpp */; };
		DF932DC91CD92AAB0085137C /* IBrainCloudComms.cpp in Sources */ = {isa = PBXBuildFile; fileRef = DF932C771CD9231B0085137C /* IBrainCloudComms.cpp */; };
		DF932DCA1CD92AAB0085137C /* JsonUtil.cpp in Sources */ = {isa = PBXBuildFile; fileRef = DF932C781CD9231B0085137C /* JsonUtil.cpp */; };
		DF932DCB1CD92AAB0085137C /* AuthenticationType.cpp in Sources */ = {isa = PBXBuildFile; fileRef = DF932C561CD9231B0085137C /* AuthenticationType.cpp */; };
		DF932DCC1CD92AAB0085137C /* BrainCloudAsyncMatch.cpp in Sources */ = {isa = PBXBuildFile; fileRef = DF932C571CD9231B0085137C /* BrainCloudAsyncMatch.cpp */; };
		DF932DCD1CD92AAB0085137C /* BrainCloudAuthentication.cpp in Sources */ = {isa = PBXBuildFile; fileRef = DF932C581CD9231B0085137C /* BrainCloudAuthentication.cpp */; };
		DF932DCE1CD92AAB0085137C /* BrainCloudClient.cpp in Sources */ = {isa = PBXBuildFile; fileRef = DF932C591CD9231B0085137C /* BrainCloudClient.cpp */; };
		DF932DD01CD92AAB0085137C /* BrainCloudDataStream.cpp in Sources */ = {isa = PBXBuildFile; fileRef = DF932C5B1CD9231B0085137C /* BrainCloudDataStream.cpp */; };
		DF932DD11CD92AAB0085137C /* BrainCloudEntity.cpp in Sources */ = {isa = PBXBuildFile; fileRef = DF932C5C1CD9231B0085137C /* BrainCloudEntity.cpp */; };
		DF932DD21CD92AAB0085137C /* BrainCloudEvent.cpp in Sources */ = {isa = PBXBuildFile; fileRef = DF932C5D1CD9231B0085137C /* BrainCloudEvent.cpp */; };
		DF932DD31CD92AAB0085137C /* BrainCloudFile.cpp in Sources */ = {isa = PBXBuildFile; fileRef = DF932C5E1CD9231B0085137C /* BrainCloudFile.cpp */; };
		DF932DD41CD92AAB0085137C /* BrainCloudFriend.cpp in Sources */ = {isa = PBXBuildFile; fileRef = DF932C5F1CD9231B0085137C /* BrainCloudFriend.cpp */; };
		DF932DD51CD92AAB0085137C /* BrainCloudGamification.cpp in Sources */ = {isa = PBXBuildFile; fileRef = DF932C601CD9231B0085137C /* BrainCloudGamification.cpp */; };
		DF932DD61CD92AAB0085137C /* BrainCloudGlobalApp.cpp in Sources */ = {isa = PBXBuildFile; fileRef = DF932C611CD9231B0085137C /* BrainCloudGlobalApp.cpp */; };
		DF932DD71CD92AAB0085137C /* BrainCloudGlobalEntity.cpp in Sources */ = {isa = PBXBuildFile; fileRef = DF932C621CD9231B0085137C /* BrainCloudGlobalEntity.cpp */; };
		DF932DD81CD92AAB0085137C /* BrainCloudGlobalStatistics.cpp in Sources */ = {isa = PBXBuildFile; fileRef = DF932C631CD9231B0085137C /* BrainCloudGlobalStatistics.cpp */; };
		DF932DD91CD92AAB0085137C /* BrainCloudIdentity.cpp in Sources */ = {isa = PBXBuildFile; fileRef = DF932C641CD9231B0085137C /* BrainCloudIdentity.cpp */; };
		DF932DDA1CD92AAB0085137C /* BrainCloudMatchmaking.cpp in Sources */ = {isa = PBXBuildFile; fileRef = DF932C651CD9231B0085137C /* BrainCloudMatchmaking.cpp */; };
		DF932DDB1CD92AAB0085137C /* BrainCloudOneWayMatch.cpp in Sources */ = {isa = PBXBuildFile; fileRef = DF932C661CD9231B0085137C /* BrainCloudOneWayMatch.cpp */; };
		DF932DDC1CD92AAB0085137C /* BrainCloudPlaybackStream.cpp in Sources */ = {isa = PBXBuildFile; fileRef = DF932C671CD9231B0085137C /* BrainCloudPlaybackStream.cpp */; };
		DF932DDD1CD92AAB0085137C /* BrainCloudPlayerState.cpp in Sources */ = {isa = PBXBuildFile; fileRef = DF932C681CD9231B0085137C /* BrainCloudPlayerState.cpp */; };
		DF932DDE1CD92AAB0085137C /* BrainCloudPlayerStatistics.cpp in Sources */ = {isa = PBXBuildFile; fileRef = DF932C691CD9231B0085137C /* BrainCloudPlayerStatistics.cpp */; };
		DF932DDF1CD92AAB0085137C /* BrainCloudPlayerStatisticsEvent.cpp in Sources */ = {isa = PBXBuildFile; fileRef = DF932C6A1CD9231B0085137C /* BrainCloudPlayerStatisticsEvent.cpp */; };
		DF932DE01CD92AAB0085137C /* BrainCloudProduct.cpp in Sources */ = {isa = PBXBuildFile; fileRef = DF932C6B1CD9231B0085137C /* BrainCloudProduct.cpp */; };
		DF932DE11CD92AAB0085137C /* BrainCloudProfanity.cpp in Sources */ = {isa = PBXBuildFile; fileRef = DF932C6C1CD9231B0085137C /* BrainCloudProfanity.cpp */; };
		DF932DE21CD92AAB0085137C /* BrainCloudPushNotification.cpp in Sources */ = {isa = PBXBuildFile; fileRef = DF932C6D1CD9231B0085137C /* BrainCloudPushNotification.cpp */; };
		DF932DE31CD92AAB0085137C /* BrainCloudRedemptionCode.cpp in Sources */ = {isa = PBXBuildFile; fileRef = DF932C6E1CD9231B0085137C /* BrainCloudRedemptionCode.cpp */; };
		DF932DE41CD92AAB0085137C /* BrainCloudS3Handling.cpp in Sources */ = {isa = PBXBuildFile; fileRef = DF932C6F1CD9231B0085137C /* BrainCloudS3Handling.cpp */; };
		DF932DE51CD92AAB0085137C /* BrainCloudScript.cpp in Sources */ = {isa = PBXBuildFile; fileRef = DF932C701CD9231B0085137C /* BrainCloudScript.cpp */; };
		DF932DE61CD92AAB0085137C /* BrainCloudSocialLeaderboard.cpp in Sources */ = {isa = PBXBuildFile; fileRef = DF932C711CD9231B0085137C /* BrainCloudSocialLeaderboard.cpp */; };
		DF932DE71CD92AAB0085137C /* BrainCloudSteam.cpp in Sources */ = {isa = PBXBuildFile; fileRef = DF932C721CD9231B0085137C /* BrainCloudSteam.cpp */; };
		DF932DE81CD92AAB0085137C /* BrainCloudTime.cpp in Sources */ = {isa = PBXBuildFile; fileRef = DF932C731CD9231B0085137C /* BrainCloudTime.cpp */; };
		DF932DEA1CD92AAB0085137C /* FriendPlatform.cpp in Sources */ = {isa = PBXBuildFile; fileRef = DF932C751CD9231B0085137C /* FriendPlatform.cpp */; };
		DF932DEB1CD92AAB0085137C /* GUID.cpp in Sources */ = {isa = PBXBuildFile; fileRef = DF932C761CD9231B0085137C /* GUID.cpp */; };
		DF932DEC1CD92AAB0085137C /* IBrainCloudComms.cpp in Sources */ = {isa = PBXBuildFile; fileRef = DF932C771CD9231B0085137C /* IBrainCloudComms.cpp */; };
		DF932DED1CD92AAB0085137C /* JsonUtil.cpp in Sources */ = {isa = PBXBuildFile; fileRef = DF932C781CD9231B0085137C /* JsonUtil.cpp */; };
		DF932E031CD92AB50085137C /* md5x.c in Sources */ = {isa = PBXBuildFile; fileRef = DF932DA41CD9296E0085137C /* md5x.c */; };
		DF932E061CD92AB50085137C /* OperationParam.cpp in Sources */ = {isa = PBXBuildFile; fileRef = DF932C821CD9231B0085137C /* OperationParam.cpp */; };
		DF932E071CD92AB50085137C /* Platform.cpp in Sources */ = {isa = PBXBuildFile; fileRef = DF932C831CD9231B0085137C /* Platform.cpp */; };
		DF932E081CD92AB50085137C /* ServerCall.cpp in Sources */ = {isa = PBXBuildFile; fileRef = DF932C841CD9231B0085137C /* ServerCall.cpp */; };
		DF932E091CD92AB50085137C /* ServiceName.cpp in Sources */ = {isa = PBXBuildFile; fileRef = DF932C851CD9231B0085137C /* ServiceName.cpp */; };
		DF932E0A1CD92AB50085137C /* ServiceOperation.cpp in Sources */ = {isa = PBXBuildFile; fileRef = DF932C861CD9231B0085137C /* ServiceOperation.cpp */; };
		DF932E0B1CD92AB50085137C /* StringUtil.cpp in Sources */ = {isa = PBXBuildFile; fileRef = DF932C871CD9231B0085137C /* StringUtil.cpp */; };
		DF932E0D1CD92AB50085137C /* TimerCallback.cpp in Sources */ = {isa = PBXBuildFile; fileRef = DF932C891CD9231B0085137C /* TimerCallback.cpp */; };
		DF932E0E1CD92AB50085137C /* TimeUtil.cpp in Sources */ = {isa = PBXBuildFile; fileRef = DF932C8A1CD9231B0085137C /* TimeUtil.cpp */; };
		DF932E0F1CD92AB50085137C /* URLLoader.cpp in Sources */ = {isa = PBXBuildFile; fileRef = DF932C8B1CD9231B0085137C /* URLLoader.cpp */; };
		DF932E101CD92AB50085137C /* URLLoaderClient.cpp in Sources */ = {isa = PBXBuildFile; fileRef = DF932C8C1CD9231B0085137C /* URLLoaderClient.cpp */; };
		DF932E111CD92AB50085137C /* URLRequest.cpp in Sources */ = {isa = PBXBuildFile; fileRef = DF932C8D1CD9231B0085137C /* URLRequest.cpp */; };
		DF932E121CD92AB50085137C /* URLRequestHeader.cpp in Sources */ = {isa = PBXBuildFile; fileRef = DF932C8E1CD9231B0085137C /* URLRequestHeader.cpp */; };
		DF932E131CD92AB50085137C /* URLRequestMethod.cpp in Sources */ = {isa = PBXBuildFile; fileRef = DF932C8F1CD9231B0085137C /* URLRequestMethod.cpp */; };
		DF932E141CD92AB50085137C /* URLResponse.cpp in Sources */ = {isa = PBXBuildFile; fileRef = DF932C901CD9231B0085137C /* URLResponse.cpp */; };
		DF932E191CD92AB60085137C /* OperationParam.cpp in Sources */ = {isa = PBXBuildFile; fileRef = DF932C821CD9231B0085137C /* OperationParam.cpp */; };
		DF932E1A1CD92AB60085137C /* Platform.cpp in Sources */ = {isa = PBXBuildFile; fileRef = DF932C831CD9231B0085137C /* Platform.cpp */; };
		DF932E1B1CD92AB60085137C /* ServerCall.cpp in Sources */ = {isa = PBXBuildFile; fileRef = DF932C841CD9231B0085137C /* ServerCall.cpp */; };
		DF932E1C1CD92AB60085137C /* ServiceName.cpp in Sources */ = {isa = PBXBuildFile; fileRef = DF932C851CD9231B0085137C /* ServiceName.cpp */; };
		DF932E1D1CD92AB60085137C /* ServiceOperation.cpp in Sources */ = {isa = PBXBuildFile; fileRef = DF932C861CD9231B0085137C /* ServiceOperation.cpp */; };
		DF932E1E1CD92AB60085137C /* StringUtil.cpp in Sources */ = {isa = PBXBuildFile; fileRef = DF932C871CD9231B0085137C /* StringUtil.cpp */; };
		DF932E201CD92AB60085137C /* TimerCallback.cpp in Sources */ = {isa = PBXBuildFile; fileRef = DF932C891CD9231B0085137C /* TimerCallback.cpp */; };
		DF932E211CD92AB60085137C /* TimeUtil.cpp in Sources */ = {isa = PBXBuildFile; fileRef = DF932C8A1CD9231B0085137C /* TimeUtil.cpp */; };
		DF932E221CD92AB60085137C /* URLLoader.cpp in Sources */ = {isa = PBXBuildFile; fileRef = DF932C8B1CD9231B0085137C /* URLLoader.cpp */; };
		DF932E231CD92AB60085137C /* URLLoaderClient.cpp in Sources */ = {isa = PBXBuildFile; fileRef = DF932C8C1CD9231B0085137C /* URLLoaderClient.cpp */; };
		DF932E241CD92AB60085137C /* URLRequest.cpp in Sources */ = {isa = PBXBuildFile; fileRef = DF932C8D1CD9231B0085137C /* URLRequest.cpp */; };
		DF932E251CD92AB60085137C /* URLRequestHeader.cpp in Sources */ = {isa = PBXBuildFile; fileRef = DF932C8E1CD9231B0085137C /* URLRequestHeader.cpp */; };
		DF932E261CD92AB60085137C /* URLRequestMethod.cpp in Sources */ = {isa = PBXBuildFile; fileRef = DF932C8F1CD9231B0085137C /* URLRequestMethod.cpp */; };
		DF932E271CD92AB60085137C /* URLResponse.cpp in Sources */ = {isa = PBXBuildFile; fileRef = DF932C901CD9231B0085137C /* URLResponse.cpp */; };
		DF932E311CD92B680085137C /* jsoncpp.cpp in Sources */ = {isa = PBXBuildFile; fileRef = DF932E2E1CD92B680085137C /* jsoncpp.cpp */; };
		DF932E321CD92B680085137C /* jsoncpp.cpp in Sources */ = {isa = PBXBuildFile; fileRef = DF932E2E1CD92B680085137C /* jsoncpp.cpp */; };
		DF932E331CD92B680085137C /* jsoncpp.cpp in Sources */ = {isa = PBXBuildFile; fileRef = DF932E2E1CD92B680085137C /* jsoncpp.cpp */; };
		DF9D06B91CEDE70E0011F98A /* BrainCloudWrapper.cpp in Sources */ = {isa = PBXBuildFile; fileRef = DF9D06B81CEDE70E0011F98A /* BrainCloudWrapper.cpp */; };
		DF9D06BA1CEDE71B0011F98A /* BrainCloudWrapper.cpp in Sources */ = {isa = PBXBuildFile; fileRef = DF9D06B81CEDE70E0011F98A /* BrainCloudWrapper.cpp */; };
		DF9D06BB1CEDE71B0011F98A /* BrainCloudWrapper.cpp in Sources */ = {isa = PBXBuildFile; fileRef = DF9D06B81CEDE70E0011F98A /* BrainCloudWrapper.cpp */; };
		DF9D06BC1CEDE71C0011F98A /* BrainCloudWrapper.cpp in Sources */ = {isa = PBXBuildFile; fileRef = DF9D06B81CEDE70E0011F98A /* BrainCloudWrapper.cpp */; };
		FC39382B207E480C00F161AF /* DefaultBrainCloudComms.cpp in Sources */ = {isa = PBXBuildFile; fileRef = FC39382A207E480C00F161AF /* DefaultBrainCloudComms.cpp */; };
		FC39382C207E480C00F161AF /* DefaultBrainCloudComms.cpp in Sources */ = {isa = PBXBuildFile; fileRef = FC39382A207E480C00F161AF /* DefaultBrainCloudComms.cpp */; };
		FC39382D207E480C00F161AF /* DefaultBrainCloudComms.cpp in Sources */ = {isa = PBXBuildFile; fileRef = FC39382A207E480C00F161AF /* DefaultBrainCloudComms.cpp */; };
		FC39382E207E480C00F161AF /* DefaultBrainCloudComms.cpp in Sources */ = {isa = PBXBuildFile; fileRef = FC39382A207E480C00F161AF /* DefaultBrainCloudComms.cpp */; };
		FC393831207E484500F161AF /* DefaultGUID.cpp in Sources */ = {isa = PBXBuildFile; fileRef = FC39382F207E484500F161AF /* DefaultGUID.cpp */; };
		FC393832207E484500F161AF /* DefaultGUID.cpp in Sources */ = {isa = PBXBuildFile; fileRef = FC39382F207E484500F161AF /* DefaultGUID.cpp */; };
		FC393833207E484500F161AF /* DefaultGUID.cpp in Sources */ = {isa = PBXBuildFile; fileRef = FC39382F207E484500F161AF /* DefaultGUID.cpp */; };
		FC393834207E484500F161AF /* DefaultGUID.cpp in Sources */ = {isa = PBXBuildFile; fileRef = FC39382F207E484500F161AF /* DefaultGUID.cpp */; };
		FC393835207E484500F161AF /* DefaultSaveDataHelper.cpp in Sources */ = {isa = PBXBuildFile; fileRef = FC393830207E484500F161AF /* DefaultSaveDataHelper.cpp */; };
		FC393836207E484500F161AF /* DefaultSaveDataHelper.cpp in Sources */ = {isa = PBXBuildFile; fileRef = FC393830207E484500F161AF /* DefaultSaveDataHelper.cpp */; };
		FC393837207E484500F161AF /* DefaultSaveDataHelper.cpp in Sources */ = {isa = PBXBuildFile; fileRef = FC393830207E484500F161AF /* DefaultSaveDataHelper.cpp */; };
		FC393838207E484500F161AF /* DefaultSaveDataHelper.cpp in Sources */ = {isa = PBXBuildFile; fileRef = FC393830207E484500F161AF /* DefaultSaveDataHelper.cpp */; };
		FC393842207E48D000F161AF /* SSKeychain.h in Headers */ = {isa = PBXBuildFile; fileRef = FC39383D207E48D000F161AF /* SSKeychain.h */; };
		FC393843207E48D000F161AF /* SSKeychain.m in Sources */ = {isa = PBXBuildFile; fileRef = FC39383E207E48D000F161AF /* SSKeychain.m */; };
		FC393844207E48D000F161AF /* SSKeychain.m in Sources */ = {isa = PBXBuildFile; fileRef = FC39383E207E48D000F161AF /* SSKeychain.m */; };
		FC393845207E48D000F161AF /* SSKeychain.m in Sources */ = {isa = PBXBuildFile; fileRef = FC39383E207E48D000F161AF /* SSKeychain.m */; };
		FC393846207E48D000F161AF /* SSKeychain.m in Sources */ = {isa = PBXBuildFile; fileRef = FC39383E207E48D000F161AF /* SSKeychain.m */; };
		FC393847207E48D000F161AF /* SSKeychainQuery.h in Headers */ = {isa = PBXBuildFile; fileRef = FC393840207E48D000F161AF /* SSKeychainQuery.h */; };
		FC393848207E48D000F161AF /* SSKeychainQuery.m in Sources */ = {isa = PBXBuildFile; fileRef = FC393841207E48D000F161AF /* SSKeychainQuery.m */; };
		FC393849207E48D000F161AF /* SSKeychainQuery.m in Sources */ = {isa = PBXBuildFile; fileRef = FC393841207E48D000F161AF /* SSKeychainQuery.m */; };
		FC39384A207E48D000F161AF /* SSKeychainQuery.m in Sources */ = {isa = PBXBuildFile; fileRef = FC393841207E48D000F161AF /* SSKeychainQuery.m */; };
		FC39384B207E48D000F161AF /* SSKeychainQuery.m in Sources */ = {isa = PBXBuildFile; fileRef = FC393841207E48D000F161AF /* SSKeychainQuery.m */; };
		FC393852207E48F400F161AF /* AppleDevice.cpp in Sources */ = {isa = PBXBuildFile; fileRef = FC39384D207E48F400F161AF /* AppleDevice.cpp */; };
		FC393853207E48F400F161AF /* AppleDevice.cpp in Sources */ = {isa = PBXBuildFile; fileRef = FC39384D207E48F400F161AF /* AppleDevice.cpp */; };
		FC393854207E48F400F161AF /* AppleDevice.cpp in Sources */ = {isa = PBXBuildFile; fileRef = FC39384D207E48F400F161AF /* AppleDevice.cpp */; };
		FC393855207E48F400F161AF /* AppleDevice.cpp in Sources */ = {isa = PBXBuildFile; fileRef = FC39384D207E48F400F161AF /* AppleDevice.cpp */; };
		FC393856207E48F400F161AF /* AppleSaveDataHelper.mm in Sources */ = {isa = PBXBuildFile; fileRef = FC39384E207E48F400F161AF /* AppleSaveDataHelper.mm */; };
		FC393857207E48F400F161AF /* AppleSaveDataHelper.mm in Sources */ = {isa = PBXBuildFile; fileRef = FC39384E207E48F400F161AF /* AppleSaveDataHelper.mm */; };
		FC393858207E48F400F161AF /* AppleSaveDataHelper.mm in Sources */ = {isa = PBXBuildFile; fileRef = FC39384E207E48F400F161AF /* AppleSaveDataHelper.mm */; };
		FC393859207E48F400F161AF /* AppleSaveDataHelper.mm in Sources */ = {isa = PBXBuildFile; fileRef = FC39384E207E48F400F161AF /* AppleSaveDataHelper.mm */; };
		FC39385A207E48F400F161AF /* GUID.mm in Sources */ = {isa = PBXBuildFile; fileRef = FC39384F207E48F400F161AF /* GUID.mm */; };
		FC39385B207E48F400F161AF /* GUID.mm in Sources */ = {isa = PBXBuildFile; fileRef = FC39384F207E48F400F161AF /* GUID.mm */; };
		FC39385C207E48F400F161AF /* GUID.mm in Sources */ = {isa = PBXBuildFile; fileRef = FC39384F207E48F400F161AF /* GUID.mm */; };
		FC39385D207E48F400F161AF /* GUID.mm in Sources */ = {isa = PBXBuildFile; fileRef = FC39384F207E48F400F161AF /* GUID.mm */; };
		FC39385E207E48F400F161AF /* nsFileUploader.mm in Sources */ = {isa = PBXBuildFile; fileRef = FC393850207E48F400F161AF /* nsFileUploader.mm */; };
		FC39385F207E48F400F161AF /* nsFileUploader.mm in Sources */ = {isa = PBXBuildFile; fileRef = FC393850207E48F400F161AF /* nsFileUploader.mm */; };
		FC393860207E48F400F161AF /* nsFileUploader.mm in Sources */ = {isa = PBXBuildFile; fileRef = FC393850207E48F400F161AF /* nsFileUploader.mm */; };
		FC393861207E48F400F161AF /* nsFileUploader.mm in Sources */ = {isa = PBXBuildFile; fileRef = FC393850207E48F400F161AF /* nsFileUploader.mm */; };
		FC393862207E48F400F161AF /* nsURLLoader.mm in Sources */ = {isa = PBXBuildFile; fileRef = FC393851207E48F400F161AF /* nsURLLoader.mm */; };
		FC393863207E48F400F161AF /* nsURLLoader.mm in Sources */ = {isa = PBXBuildFile; fileRef = FC393851207E48F400F161AF /* nsURLLoader.mm */; };
		FC393864207E48F400F161AF /* nsURLLoader.mm in Sources */ = {isa = PBXBuildFile; fileRef = FC393851207E48F400F161AF /* nsURLLoader.mm */; };
		FC393865207E48F400F161AF /* nsURLLoader.mm in Sources */ = {isa = PBXBuildFile; fileRef = FC393851207E48F400F161AF /* nsURLLoader.mm */; };
/* End PBXBuildFile section */

/* Begin PBXCopyFilesBuildPhase section */
		D84A700C1C73704D00291D06 /* CopyFiles */ = {
			isa = PBXCopyFilesBuildPhase;
			buildActionMask = 2147483647;
			dstPath = "include/$(PRODUCT_NAME)";
			dstSubfolderSpec = 16;
			files = (
			);
			runOnlyForDeploymentPostprocessing = 0;
		};
		D84A70191C73706900291D06 /* CopyFiles */ = {
			isa = PBXCopyFilesBuildPhase;
			buildActionMask = 2147483647;
			dstPath = "include/$(PRODUCT_NAME)";
			dstSubfolderSpec = 16;
			files = (
			);
			runOnlyForDeploymentPostprocessing = 0;
		};
		DF2230781CE38B06003A7D8D /* CopyFiles */ = {
			isa = PBXCopyFilesBuildPhase;
			buildActionMask = 2147483647;
			dstPath = "include/$(PRODUCT_NAME)";
			dstSubfolderSpec = 16;
			files = (
			);
			runOnlyForDeploymentPostprocessing = 0;
		};
/* End PBXCopyFilesBuildPhase section */

/* Begin PBXFileReference section */
		249F589C1CE3B6E2009D03E4 /* BrainCloudGroup.cpp */ = {isa = PBXFileReference; fileEncoding = 4; lastKnownFileType = sourcecode.cpp.cpp; path = BrainCloudGroup.cpp; sourceTree = "<group>"; };
		24CB44D41E1EE13E005B1B56 /* BrainCloudMail.cpp */ = {isa = PBXFileReference; fileEncoding = 4; lastKnownFileType = sourcecode.cpp.cpp; path = BrainCloudMail.cpp; sourceTree = "<group>"; };
		24CB44D51E1EE13E005B1B56 /* BrainCloudTournament.cpp */ = {isa = PBXFileReference; fileEncoding = 4; lastKnownFileType = sourcecode.cpp.cpp; path = BrainCloudTournament.cpp; sourceTree = "<group>"; };
		8517BAD2221C9622006E3C95 /* BrainCloudAppStore.cpp */ = {isa = PBXFileReference; fileEncoding = 4; lastKnownFileType = sourcecode.cpp.cpp; path = BrainCloudAppStore.cpp; sourceTree = "<group>"; };
		8517BAD3221C9622006E3C95 /* BrainCloudChat.cpp */ = {isa = PBXFileReference; fileEncoding = 4; lastKnownFileType = sourcecode.cpp.cpp; path = BrainCloudChat.cpp; sourceTree = "<group>"; };
		8517BAD4221C9622006E3C95 /* BrainCloudLobby.cpp */ = {isa = PBXFileReference; fileEncoding = 4; lastKnownFileType = sourcecode.cpp.cpp; path = BrainCloudLobby.cpp; sourceTree = "<group>"; };
		8517BAD5221C9622006E3C95 /* BrainCloudMessaging.cpp */ = {isa = PBXFileReference; fileEncoding = 4; lastKnownFileType = sourcecode.cpp.cpp; path = BrainCloudMessaging.cpp; sourceTree = "<group>"; };
		8517BAD6221C9622006E3C95 /* BrainCloudPresence.cpp */ = {isa = PBXFileReference; fileEncoding = 4; lastKnownFileType = sourcecode.cpp.cpp; path = BrainCloudPresence.cpp; sourceTree = "<group>"; };
		8517BAD7221C9622006E3C95 /* BrainCloudRTTRegistration.cpp */ = {isa = PBXFileReference; fileEncoding = 4; lastKnownFileType = sourcecode.cpp.cpp; path = BrainCloudRTTRegistration.cpp; sourceTree = "<group>"; };
		8517BAD8221C9622006E3C95 /* BrainCloudVirtualCurrency.cpp */ = {isa = PBXFileReference; fileEncoding = 4; lastKnownFileType = sourcecode.cpp.cpp; path = BrainCloudVirtualCurrency.cpp; sourceTree = "<group>"; };
		8517BAD9221C9622006E3C95 /* DefaultFileUploader.cpp */ = {isa = PBXFileReference; fileEncoding = 4; lastKnownFileType = sourcecode.cpp.cpp; path = DefaultFileUploader.cpp; sourceTree = "<group>"; };
		8517BADA221C9622006E3C95 /* DefaultTCPSocket.cpp */ = {isa = PBXFileReference; fileEncoding = 4; lastKnownFileType = sourcecode.cpp.cpp; path = DefaultTCPSocket.cpp; sourceTree = "<group>"; };
		8517BADB221C9622006E3C95 /* DefaultWebSocket.cpp */ = {isa = PBXFileReference; fileEncoding = 4; lastKnownFileType = sourcecode.cpp.cpp; path = DefaultWebSocket.cpp; sourceTree = "<group>"; };
		8517BADC221C9622006E3C95 /* RTTComms.cpp */ = {isa = PBXFileReference; fileEncoding = 4; lastKnownFileType = sourcecode.cpp.cpp; path = RTTComms.cpp; sourceTree = "<group>"; };
		8517BADD221C9622006E3C95 /* SaveDataHelper.cpp */ = {isa = PBXFileReference; fileEncoding = 4; lastKnownFileType = sourcecode.cpp.cpp; path = SaveDataHelper.cpp; sourceTree = "<group>"; };
		D84A700E1C73704D00291D06 /* libBrainCloud-iOS.a */ = {isa = PBXFileReference; explicitFileType = archive.ar; includeInIndex = 0; path = "libBrainCloud-iOS.a"; sourceTree = BUILT_PRODUCTS_DIR; };
		D84A701B1C73706900291D06 /* libBrainCloud-tvOS.a */ = {isa = PBXFileReference; explicitFileType = archive.ar; includeInIndex = 0; path = "libBrainCloud-tvOS.a"; sourceTree = BUILT_PRODUCTS_DIR; };
		D84A70281C73707C00291D06 /* libBrainCloud-OSX.a */ = {isa = PBXFileReference; explicitFileType = archive.ar; includeInIndex = 0; path = "libBrainCloud-OSX.a"; sourceTree = BUILT_PRODUCTS_DIR; };
		DF22307C1CE38B06003A7D8D /* libBrainCloud-watchOS.a */ = {isa = PBXFileReference; explicitFileType = archive.ar; includeInIndex = 0; path = "libBrainCloud-watchOS.a"; sourceTree = BUILT_PRODUCTS_DIR; };
		DF932C561CD9231B0085137C /* AuthenticationType.cpp */ = {isa = PBXFileReference; fileEncoding = 4; lastKnownFileType = sourcecode.cpp.cpp; path = AuthenticationType.cpp; sourceTree = "<group>"; };
		DF932C571CD9231B0085137C /* BrainCloudAsyncMatch.cpp */ = {isa = PBXFileReference; fileEncoding = 4; lastKnownFileType = sourcecode.cpp.cpp; path = BrainCloudAsyncMatch.cpp; sourceTree = "<group>"; };
		DF932C581CD9231B0085137C /* BrainCloudAuthentication.cpp */ = {isa = PBXFileReference; fileEncoding = 4; lastKnownFileType = sourcecode.cpp.cpp; path = BrainCloudAuthentication.cpp; sourceTree = "<group>"; };
		DF932C591CD9231B0085137C /* BrainCloudClient.cpp */ = {isa = PBXFileReference; fileEncoding = 4; lastKnownFileType = sourcecode.cpp.cpp; path = BrainCloudClient.cpp; sourceTree = "<group>"; };
		DF932C5B1CD9231B0085137C /* BrainCloudDataStream.cpp */ = {isa = PBXFileReference; fileEncoding = 4; lastKnownFileType = sourcecode.cpp.cpp; path = BrainCloudDataStream.cpp; sourceTree = "<group>"; };
		DF932C5C1CD9231B0085137C /* BrainCloudEntity.cpp */ = {isa = PBXFileReference; fileEncoding = 4; lastKnownFileType = sourcecode.cpp.cpp; path = BrainCloudEntity.cpp; sourceTree = "<group>"; };
		DF932C5D1CD9231B0085137C /* BrainCloudEvent.cpp */ = {isa = PBXFileReference; fileEncoding = 4; lastKnownFileType = sourcecode.cpp.cpp; path = BrainCloudEvent.cpp; sourceTree = "<group>"; };
		DF932C5E1CD9231B0085137C /* BrainCloudFile.cpp */ = {isa = PBXFileReference; fileEncoding = 4; lastKnownFileType = sourcecode.cpp.cpp; path = BrainCloudFile.cpp; sourceTree = "<group>"; };
		DF932C5F1CD9231B0085137C /* BrainCloudFriend.cpp */ = {isa = PBXFileReference; fileEncoding = 4; lastKnownFileType = sourcecode.cpp.cpp; path = BrainCloudFriend.cpp; sourceTree = "<group>"; };
		DF932C601CD9231B0085137C /* BrainCloudGamification.cpp */ = {isa = PBXFileReference; fileEncoding = 4; lastKnownFileType = sourcecode.cpp.cpp; path = BrainCloudGamification.cpp; sourceTree = "<group>"; };
		DF932C611CD9231B0085137C /* BrainCloudGlobalApp.cpp */ = {isa = PBXFileReference; fileEncoding = 4; lastKnownFileType = sourcecode.cpp.cpp; path = BrainCloudGlobalApp.cpp; sourceTree = "<group>"; };
		DF932C621CD9231B0085137C /* BrainCloudGlobalEntity.cpp */ = {isa = PBXFileReference; fileEncoding = 4; lastKnownFileType = sourcecode.cpp.cpp; path = BrainCloudGlobalEntity.cpp; sourceTree = "<group>"; };
		DF932C631CD9231B0085137C /* BrainCloudGlobalStatistics.cpp */ = {isa = PBXFileReference; fileEncoding = 4; lastKnownFileType = sourcecode.cpp.cpp; path = BrainCloudGlobalStatistics.cpp; sourceTree = "<group>"; };
		DF932C641CD9231B0085137C /* BrainCloudIdentity.cpp */ = {isa = PBXFileReference; fileEncoding = 4; lastKnownFileType = sourcecode.cpp.cpp; path = BrainCloudIdentity.cpp; sourceTree = "<group>"; };
		DF932C651CD9231B0085137C /* BrainCloudMatchmaking.cpp */ = {isa = PBXFileReference; fileEncoding = 4; lastKnownFileType = sourcecode.cpp.cpp; path = BrainCloudMatchmaking.cpp; sourceTree = "<group>"; };
		DF932C661CD9231B0085137C /* BrainCloudOneWayMatch.cpp */ = {isa = PBXFileReference; fileEncoding = 4; lastKnownFileType = sourcecode.cpp.cpp; path = BrainCloudOneWayMatch.cpp; sourceTree = "<group>"; };
		DF932C671CD9231B0085137C /* BrainCloudPlaybackStream.cpp */ = {isa = PBXFileReference; fileEncoding = 4; lastKnownFileType = sourcecode.cpp.cpp; path = BrainCloudPlaybackStream.cpp; sourceTree = "<group>"; };
		DF932C681CD9231B0085137C /* BrainCloudPlayerState.cpp */ = {isa = PBXFileReference; fileEncoding = 4; lastKnownFileType = sourcecode.cpp.cpp; path = BrainCloudPlayerState.cpp; sourceTree = "<group>"; };
		DF932C691CD9231B0085137C /* BrainCloudPlayerStatistics.cpp */ = {isa = PBXFileReference; fileEncoding = 4; lastKnownFileType = sourcecode.cpp.cpp; path = BrainCloudPlayerStatistics.cpp; sourceTree = "<group>"; };
		DF932C6A1CD9231B0085137C /* BrainCloudPlayerStatisticsEvent.cpp */ = {isa = PBXFileReference; fileEncoding = 4; lastKnownFileType = sourcecode.cpp.cpp; path = BrainCloudPlayerStatisticsEvent.cpp; sourceTree = "<group>"; };
		DF932C6B1CD9231B0085137C /* BrainCloudProduct.cpp */ = {isa = PBXFileReference; fileEncoding = 4; lastKnownFileType = sourcecode.cpp.cpp; path = BrainCloudProduct.cpp; sourceTree = "<group>"; };
		DF932C6C1CD9231B0085137C /* BrainCloudProfanity.cpp */ = {isa = PBXFileReference; fileEncoding = 4; lastKnownFileType = sourcecode.cpp.cpp; path = BrainCloudProfanity.cpp; sourceTree = "<group>"; };
		DF932C6D1CD9231B0085137C /* BrainCloudPushNotification.cpp */ = {isa = PBXFileReference; fileEncoding = 4; lastKnownFileType = sourcecode.cpp.cpp; path = BrainCloudPushNotification.cpp; sourceTree = "<group>"; };
		DF932C6E1CD9231B0085137C /* BrainCloudRedemptionCode.cpp */ = {isa = PBXFileReference; fileEncoding = 4; lastKnownFileType = sourcecode.cpp.cpp; path = BrainCloudRedemptionCode.cpp; sourceTree = "<group>"; };
		DF932C6F1CD9231B0085137C /* BrainCloudS3Handling.cpp */ = {isa = PBXFileReference; fileEncoding = 4; lastKnownFileType = sourcecode.cpp.cpp; path = BrainCloudS3Handling.cpp; sourceTree = "<group>"; };
		DF932C701CD9231B0085137C /* BrainCloudScript.cpp */ = {isa = PBXFileReference; fileEncoding = 4; lastKnownFileType = sourcecode.cpp.cpp; path = BrainCloudScript.cpp; sourceTree = "<group>"; };
		DF932C711CD9231B0085137C /* BrainCloudSocialLeaderboard.cpp */ = {isa = PBXFileReference; fileEncoding = 4; lastKnownFileType = sourcecode.cpp.cpp; path = BrainCloudSocialLeaderboard.cpp; sourceTree = "<group>"; };
		DF932C721CD9231B0085137C /* BrainCloudSteam.cpp */ = {isa = PBXFileReference; fileEncoding = 4; lastKnownFileType = sourcecode.cpp.cpp; path = BrainCloudSteam.cpp; sourceTree = "<group>"; };
		DF932C731CD9231B0085137C /* BrainCloudTime.cpp */ = {isa = PBXFileReference; fileEncoding = 4; lastKnownFileType = sourcecode.cpp.cpp; path = BrainCloudTime.cpp; sourceTree = "<group>"; };
		DF932C751CD9231B0085137C /* FriendPlatform.cpp */ = {isa = PBXFileReference; fileEncoding = 4; lastKnownFileType = sourcecode.cpp.cpp; path = FriendPlatform.cpp; sourceTree = "<group>"; };
		DF932C761CD9231B0085137C /* GUID.cpp */ = {isa = PBXFileReference; fileEncoding = 4; lastKnownFileType = sourcecode.cpp.cpp; path = GUID.cpp; sourceTree = "<group>"; };
		DF932C771CD9231B0085137C /* IBrainCloudComms.cpp */ = {isa = PBXFileReference; fileEncoding = 4; lastKnownFileType = sourcecode.cpp.cpp; path = IBrainCloudComms.cpp; sourceTree = "<group>"; };
		DF932C781CD9231B0085137C /* JsonUtil.cpp */ = {isa = PBXFileReference; fileEncoding = 4; lastKnownFileType = sourcecode.cpp.cpp; path = JsonUtil.cpp; sourceTree = "<group>"; };
		DF932C821CD9231B0085137C /* OperationParam.cpp */ = {isa = PBXFileReference; fileEncoding = 4; lastKnownFileType = sourcecode.cpp.cpp; path = OperationParam.cpp; sourceTree = "<group>"; };
		DF932C831CD9231B0085137C /* Platform.cpp */ = {isa = PBXFileReference; fileEncoding = 4; lastKnownFileType = sourcecode.cpp.cpp; path = Platform.cpp; sourceTree = "<group>"; };
		DF932C841CD9231B0085137C /* ServerCall.cpp */ = {isa = PBXFileReference; fileEncoding = 4; lastKnownFileType = sourcecode.cpp.cpp; path = ServerCall.cpp; sourceTree = "<group>"; };
		DF932C851CD9231B0085137C /* ServiceName.cpp */ = {isa = PBXFileReference; fileEncoding = 4; lastKnownFileType = sourcecode.cpp.cpp; path = ServiceName.cpp; sourceTree = "<group>"; };
		DF932C861CD9231B0085137C /* ServiceOperation.cpp */ = {isa = PBXFileReference; fileEncoding = 4; lastKnownFileType = sourcecode.cpp.cpp; path = ServiceOperation.cpp; sourceTree = "<group>"; };
		DF932C871CD9231B0085137C /* StringUtil.cpp */ = {isa = PBXFileReference; fileEncoding = 4; lastKnownFileType = sourcecode.cpp.cpp; path = StringUtil.cpp; sourceTree = "<group>"; };
		DF932C891CD9231B0085137C /* TimerCallback.cpp */ = {isa = PBXFileReference; fileEncoding = 4; lastKnownFileType = sourcecode.cpp.cpp; path = TimerCallback.cpp; sourceTree = "<group>"; };
		DF932C8A1CD9231B0085137C /* TimeUtil.cpp */ = {isa = PBXFileReference; fileEncoding = 4; lastKnownFileType = sourcecode.cpp.cpp; path = TimeUtil.cpp; sourceTree = "<group>"; };
		DF932C8B1CD9231B0085137C /* URLLoader.cpp */ = {isa = PBXFileReference; fileEncoding = 4; lastKnownFileType = sourcecode.cpp.cpp; path = URLLoader.cpp; sourceTree = "<group>"; };
		DF932C8C1CD9231B0085137C /* URLLoaderClient.cpp */ = {isa = PBXFileReference; fileEncoding = 4; lastKnownFileType = sourcecode.cpp.cpp; path = URLLoaderClient.cpp; sourceTree = "<group>"; };
		DF932C8D1CD9231B0085137C /* URLRequest.cpp */ = {isa = PBXFileReference; fileEncoding = 4; lastKnownFileType = sourcecode.cpp.cpp; path = URLRequest.cpp; sourceTree = "<group>"; };
		DF932C8E1CD9231B0085137C /* URLRequestHeader.cpp */ = {isa = PBXFileReference; fileEncoding = 4; lastKnownFileType = sourcecode.cpp.cpp; path = URLRequestHeader.cpp; sourceTree = "<group>"; };
		DF932C8F1CD9231B0085137C /* URLRequestMethod.cpp */ = {isa = PBXFileReference; fileEncoding = 4; lastKnownFileType = sourcecode.cpp.cpp; path = URLRequestMethod.cpp; sourceTree = "<group>"; };
		DF932C901CD9231B0085137C /* URLResponse.cpp */ = {isa = PBXFileReference; fileEncoding = 4; lastKnownFileType = sourcecode.cpp.cpp; path = URLResponse.cpp; sourceTree = "<group>"; };
		DF932DA41CD9296E0085137C /* md5x.c */ = {isa = PBXFileReference; fileEncoding = 4; lastKnownFileType = sourcecode.c.c; path = md5x.c; sourceTree = "<group>"; };
		DF932E281CD92B460085137C /* include */ = {isa = PBXFileReference; lastKnownFileType = folder; name = include; path = ../../include; sourceTree = "<group>"; };
		DF932E2C1CD92B680085137C /* json-forwards.h */ = {isa = PBXFileReference; fileEncoding = 4; lastKnownFileType = sourcecode.c.h; path = "json-forwards.h"; sourceTree = "<group>"; };
		DF932E2D1CD92B680085137C /* json.h */ = {isa = PBXFileReference; fileEncoding = 4; lastKnownFileType = sourcecode.c.h; path = json.h; sourceTree = "<group>"; };
		DF932E2E1CD92B680085137C /* jsoncpp.cpp */ = {isa = PBXFileReference; fileEncoding = 4; lastKnownFileType = sourcecode.cpp.cpp; path = jsoncpp.cpp; sourceTree = "<group>"; };
		DF9D06B81CEDE70E0011F98A /* BrainCloudWrapper.cpp */ = {isa = PBXFileReference; fileEncoding = 4; lastKnownFileType = sourcecode.cpp.cpp; path = BrainCloudWrapper.cpp; sourceTree = "<group>"; };
		FC39382A207E480C00F161AF /* DefaultBrainCloudComms.cpp */ = {isa = PBXFileReference; fileEncoding = 4; lastKnownFileType = sourcecode.cpp.cpp; path = DefaultBrainCloudComms.cpp; sourceTree = "<group>"; };
		FC39382F207E484500F161AF /* DefaultGUID.cpp */ = {isa = PBXFileReference; fileEncoding = 4; lastKnownFileType = sourcecode.cpp.cpp; path = DefaultGUID.cpp; sourceTree = "<group>"; };
		FC393830207E484500F161AF /* DefaultSaveDataHelper.cpp */ = {isa = PBXFileReference; fileEncoding = 4; lastKnownFileType = sourcecode.cpp.cpp; path = DefaultSaveDataHelper.cpp; sourceTree = "<group>"; };
		FC39383D207E48D000F161AF /* SSKeychain.h */ = {isa = PBXFileReference; fileEncoding = 4; lastKnownFileType = sourcecode.c.h; path = SSKeychain.h; sourceTree = "<group>"; };
		FC39383E207E48D000F161AF /* SSKeychain.m */ = {isa = PBXFileReference; fileEncoding = 4; lastKnownFileType = sourcecode.c.objc; path = SSKeychain.m; sourceTree = "<group>"; };
		FC39383F207E48D000F161AF /* SSKeychain.strings */ = {isa = PBXFileReference; fileEncoding = 4; lastKnownFileType = text.plist.strings; path = SSKeychain.strings; sourceTree = "<group>"; };
		FC393840207E48D000F161AF /* SSKeychainQuery.h */ = {isa = PBXFileReference; fileEncoding = 4; lastKnownFileType = sourcecode.c.h; path = SSKeychainQuery.h; sourceTree = "<group>"; };
		FC393841207E48D000F161AF /* SSKeychainQuery.m */ = {isa = PBXFileReference; fileEncoding = 4; lastKnownFileType = sourcecode.c.objc; path = SSKeychainQuery.m; sourceTree = "<group>"; };
		FC39384D207E48F400F161AF /* AppleDevice.cpp */ = {isa = PBXFileReference; fileEncoding = 4; lastKnownFileType = sourcecode.cpp.cpp; path = AppleDevice.cpp; sourceTree = "<group>"; };
		FC39384E207E48F400F161AF /* AppleSaveDataHelper.mm */ = {isa = PBXFileReference; fileEncoding = 4; lastKnownFileType = sourcecode.cpp.objcpp; path = AppleSaveDataHelper.mm; sourceTree = "<group>"; };
		FC39384F207E48F400F161AF /* GUID.mm */ = {isa = PBXFileReference; fileEncoding = 4; lastKnownFileType = sourcecode.cpp.objcpp; path = GUID.mm; sourceTree = "<group>"; };
		FC393850207E48F400F161AF /* nsFileUploader.mm */ = {isa = PBXFileReference; fileEncoding = 4; lastKnownFileType = sourcecode.cpp.objcpp; path = nsFileUploader.mm; sourceTree = "<group>"; };
		FC393851207E48F400F161AF /* nsURLLoader.mm */ = {isa = PBXFileReference; fileEncoding = 4; lastKnownFileType = sourcecode.cpp.objcpp; path = nsURLLoader.mm; sourceTree = "<group>"; };
/* End PBXFileReference section */

/* Begin PBXFrameworksBuildPhase section */
		D84A700B1C73704D00291D06 /* Frameworks */ = {
			isa = PBXFrameworksBuildPhase;
			buildActionMask = 2147483647;
			files = (
			);
			runOnlyForDeploymentPostprocessing = 0;
		};
		D84A70181C73706900291D06 /* Frameworks */ = {
			isa = PBXFrameworksBuildPhase;
			buildActionMask = 2147483647;
			files = (
			);
			runOnlyForDeploymentPostprocessing = 0;
		};
		D84A70251C73707C00291D06 /* Frameworks */ = {
			isa = PBXFrameworksBuildPhase;
			buildActionMask = 2147483647;
			files = (
			);
			runOnlyForDeploymentPostprocessing = 0;
		};
		DF2230741CE38B06003A7D8D /* Frameworks */ = {
			isa = PBXFrameworksBuildPhase;
			buildActionMask = 2147483647;
			files = (
			);
			runOnlyForDeploymentPostprocessing = 0;
		};
/* End PBXFrameworksBuildPhase section */

/* Begin PBXGroup section */
		D84A6FE51C736F7800291D06 = {
			isa = PBXGroup;
			children = (
				DF932E281CD92B460085137C /* include */,
				DF932CD61CD9233B0085137C /* lib */,
				DF932C551CD9231B0085137C /* src */,
				D84A6FF01C736F7800291D06 /* Products */,
			);
			sourceTree = "<group>";
		};
		D84A6FF01C736F7800291D06 /* Products */ = {
			isa = PBXGroup;
			children = (
				D84A700E1C73704D00291D06 /* libBrainCloud-iOS.a */,
				D84A701B1C73706900291D06 /* libBrainCloud-tvOS.a */,
				D84A70281C73707C00291D06 /* libBrainCloud-OSX.a */,
				DF22307C1CE38B06003A7D8D /* libBrainCloud-watchOS.a */,
			);
			name = Products;
			sourceTree = "<group>";
		};
		DF932C551CD9231B0085137C /* src */ = {
			isa = PBXGroup;
			children = (
				8517BAD2221C9622006E3C95 /* BrainCloudAppStore.cpp */,
				8517BAD3221C9622006E3C95 /* BrainCloudChat.cpp */,
				8517BAD4221C9622006E3C95 /* BrainCloudLobby.cpp */,
				8517BAD5221C9622006E3C95 /* BrainCloudMessaging.cpp */,
				8517BAD6221C9622006E3C95 /* BrainCloudPresence.cpp */,
				8517BAD7221C9622006E3C95 /* BrainCloudRTTRegistration.cpp */,
				8517BAD8221C9622006E3C95 /* BrainCloudVirtualCurrency.cpp */,
				8517BAD9221C9622006E3C95 /* DefaultFileUploader.cpp */,
				8517BADA221C9622006E3C95 /* DefaultTCPSocket.cpp */,
				8517BADB221C9622006E3C95 /* DefaultWebSocket.cpp */,
				8517BADC221C9622006E3C95 /* RTTComms.cpp */,
				8517BADD221C9622006E3C95 /* SaveDataHelper.cpp */,
				FC39384C207E48F400F161AF /* apple */,
				24CB44D41E1EE13E005B1B56 /* BrainCloudMail.cpp */,
				24CB44D51E1EE13E005B1B56 /* BrainCloudTournament.cpp */,
				DF932C561CD9231B0085137C /* AuthenticationType.cpp */,
				DF932C571CD9231B0085137C /* BrainCloudAsyncMatch.cpp */,
				DF932C581CD9231B0085137C /* BrainCloudAuthentication.cpp */,
				DF932C591CD9231B0085137C /* BrainCloudClient.cpp */,
				FC39382A207E480C00F161AF /* DefaultBrainCloudComms.cpp */,
				DF932C5B1CD9231B0085137C /* BrainCloudDataStream.cpp */,
				DF932C5C1CD9231B0085137C /* BrainCloudEntity.cpp */,
				DF932C5D1CD9231B0085137C /* BrainCloudEvent.cpp */,
				DF932C5E1CD9231B0085137C /* BrainCloudFile.cpp */,
				DF932C5F1CD9231B0085137C /* BrainCloudFriend.cpp */,
				DF932C601CD9231B0085137C /* BrainCloudGamification.cpp */,
				DF932C611CD9231B0085137C /* BrainCloudGlobalApp.cpp */,
				DF932C621CD9231B0085137C /* BrainCloudGlobalEntity.cpp */,
				DF932C631CD9231B0085137C /* BrainCloudGlobalStatistics.cpp */,
				249F589C1CE3B6E2009D03E4 /* BrainCloudGroup.cpp */,
				DF932C641CD9231B0085137C /* BrainCloudIdentity.cpp */,
				DF932C651CD9231B0085137C /* BrainCloudMatchmaking.cpp */,
				DF932C661CD9231B0085137C /* BrainCloudOneWayMatch.cpp */,
				DF932C671CD9231B0085137C /* BrainCloudPlaybackStream.cpp */,
				DF932C681CD9231B0085137C /* BrainCloudPlayerState.cpp */,
				DF932C691CD9231B0085137C /* BrainCloudPlayerStatistics.cpp */,
				DF932C6A1CD9231B0085137C /* BrainCloudPlayerStatisticsEvent.cpp */,
				DF932C6B1CD9231B0085137C /* BrainCloudProduct.cpp */,
				DF932C6C1CD9231B0085137C /* BrainCloudProfanity.cpp */,
				DF932C6D1CD9231B0085137C /* BrainCloudPushNotification.cpp */,
				DF932C6E1CD9231B0085137C /* BrainCloudRedemptionCode.cpp */,
				DF932C6F1CD9231B0085137C /* BrainCloudS3Handling.cpp */,
				DF932C701CD9231B0085137C /* BrainCloudScript.cpp */,
				DF932C711CD9231B0085137C /* BrainCloudSocialLeaderboard.cpp */,
				DF932C721CD9231B0085137C /* BrainCloudSteam.cpp */,
				DF932C731CD9231B0085137C /* BrainCloudTime.cpp */,
				FC39382F207E484500F161AF /* DefaultGUID.cpp */,
				FC393830207E484500F161AF /* DefaultSaveDataHelper.cpp */,
				DF9D06B81CEDE70E0011F98A /* BrainCloudWrapper.cpp */,
				DF932C751CD9231B0085137C /* FriendPlatform.cpp */,
				DF932C761CD9231B0085137C /* GUID.cpp */,
				DF932C771CD9231B0085137C /* IBrainCloudComms.cpp */,
				DF932C781CD9231B0085137C /* JsonUtil.cpp */,
				DF932DA41CD9296E0085137C /* md5x.c */,
				DF932C821CD9231B0085137C /* OperationParam.cpp */,
				DF932C831CD9231B0085137C /* Platform.cpp */,
				DF932C841CD9231B0085137C /* ServerCall.cpp */,
				DF932C851CD9231B0085137C /* ServiceName.cpp */,
				DF932C861CD9231B0085137C /* ServiceOperation.cpp */,
				DF932C871CD9231B0085137C /* StringUtil.cpp */,
				DF932C891CD9231B0085137C /* TimerCallback.cpp */,
				DF932C8A1CD9231B0085137C /* TimeUtil.cpp */,
				DF932C8B1CD9231B0085137C /* URLLoader.cpp */,
				DF932C8C1CD9231B0085137C /* URLLoaderClient.cpp */,
				DF932C8D1CD9231B0085137C /* URLRequest.cpp */,
				DF932C8E1CD9231B0085137C /* URLRequestHeader.cpp */,
				DF932C8F1CD9231B0085137C /* URLRequestMethod.cpp */,
				DF932C901CD9231B0085137C /* URLResponse.cpp */,
			);
			name = src;
			path = ../../src;
			sourceTree = "<group>";
		};
		DF932CD61CD9233B0085137C /* lib */ = {
			isa = PBXGroup;
			children = (
				FC39383A207E48D000F161AF /* apple */,
				DF932E2A1CD92B680085137C /* jsoncpp-1.0.0 */,
			);
			name = lib;
			path = ../../lib;
			sourceTree = "<group>";
		};
		DF932E2A1CD92B680085137C /* jsoncpp-1.0.0 */ = {
			isa = PBXGroup;
			children = (
				DF932E2B1CD92B680085137C /* json */,
				DF932E2E1CD92B680085137C /* jsoncpp.cpp */,
			);
			path = "jsoncpp-1.0.0";
			sourceTree = "<group>";
		};
		DF932E2B1CD92B680085137C /* json */ = {
			isa = PBXGroup;
			children = (
				DF932E2C1CD92B680085137C /* json-forwards.h */,
				DF932E2D1CD92B680085137C /* json.h */,
			);
			path = json;
			sourceTree = "<group>";
		};
		FC39383A207E48D000F161AF /* apple */ = {
			isa = PBXGroup;
			children = (
				FC39383B207E48D000F161AF /* sskeychain */,
			);
			path = apple;
			sourceTree = "<group>";
		};
		FC39383B207E48D000F161AF /* sskeychain */ = {
			isa = PBXGroup;
			children = (
				FC39383C207E48D000F161AF /* SSKeychain */,
			);
			path = sskeychain;
			sourceTree = "<group>";
		};
		FC39383C207E48D000F161AF /* SSKeychain */ = {
			isa = PBXGroup;
			children = (
				FC39383D207E48D000F161AF /* SSKeychain.h */,
				FC39383E207E48D000F161AF /* SSKeychain.m */,
				FC39383F207E48D000F161AF /* SSKeychain.strings */,
				FC393840207E48D000F161AF /* SSKeychainQuery.h */,
				FC393841207E48D000F161AF /* SSKeychainQuery.m */,
			);
			path = SSKeychain;
			sourceTree = "<group>";
		};
		FC39384C207E48F400F161AF /* apple */ = {
			isa = PBXGroup;
			children = (
				FC39384D207E48F400F161AF /* AppleDevice.cpp */,
				FC39384E207E48F400F161AF /* AppleSaveDataHelper.mm */,
				FC39384F207E48F400F161AF /* GUID.mm */,
				FC393850207E48F400F161AF /* nsFileUploader.mm */,
				FC393851207E48F400F161AF /* nsURLLoader.mm */,
			);
			path = apple;
			sourceTree = "<group>";
		};
/* End PBXGroup section */

/* Begin PBXHeadersBuildPhase section */
		D84A70261C73707C00291D06 /* Headers */ = {
			isa = PBXHeadersBuildPhase;
			buildActionMask = 2147483647;
			files = (
				FC393842207E48D000F161AF /* SSKeychain.h in Headers */,
				FC393847207E48D000F161AF /* SSKeychainQuery.h in Headers */,
			);
			runOnlyForDeploymentPostprocessing = 0;
		};
/* End PBXHeadersBuildPhase section */

/* Begin PBXNativeTarget section */
		D84A700D1C73704D00291D06 /* BrainCloudCpp-iOS */ = {
			isa = PBXNativeTarget;
			buildConfigurationList = D84A70141C73704D00291D06 /* Build configuration list for PBXNativeTarget "BrainCloudCpp-iOS" */;
			buildPhases = (
				D84A700A1C73704D00291D06 /* Sources */,
				D84A700B1C73704D00291D06 /* Frameworks */,
				D84A700C1C73704D00291D06 /* CopyFiles */,
			);
			buildRules = (
			);
			dependencies = (
			);
			name = "BrainCloudCpp-iOS";
			productName = "BrainCloudSDK-iOS";
			productReference = D84A700E1C73704D00291D06 /* libBrainCloud-iOS.a */;
			productType = "com.apple.product-type.library.static";
		};
		D84A701A1C73706900291D06 /* BrainCloudCpp-tvOS */ = {
			isa = PBXNativeTarget;
			buildConfigurationList = D84A70211C73706900291D06 /* Build configuration list for PBXNativeTarget "BrainCloudCpp-tvOS" */;
			buildPhases = (
				D84A70171C73706900291D06 /* Sources */,
				D84A70181C73706900291D06 /* Frameworks */,
				D84A70191C73706900291D06 /* CopyFiles */,
			);
			buildRules = (
			);
			dependencies = (
			);
			name = "BrainCloudCpp-tvOS";
			productName = "BrainCloudSDK-tvOS";
			productReference = D84A701B1C73706900291D06 /* libBrainCloud-tvOS.a */;
			productType = "com.apple.product-type.library.static";
		};
		D84A70271C73707C00291D06 /* BrainCloudCpp-OSX */ = {
			isa = PBXNativeTarget;
			buildConfigurationList = D84A702E1C73707C00291D06 /* Build configuration list for PBXNativeTarget "BrainCloudCpp-OSX" */;
			buildPhases = (
				D84A70241C73707C00291D06 /* Sources */,
				D84A70251C73707C00291D06 /* Frameworks */,
				D84A70261C73707C00291D06 /* Headers */,
			);
			buildRules = (
			);
			dependencies = (
			);
			name = "BrainCloudCpp-OSX";
			productName = "BrainCloudSDK-OSX";
			productReference = D84A70281C73707C00291D06 /* libBrainCloud-OSX.a */;
			productType = "com.apple.product-type.library.static";
		};
		DF2230371CE38B06003A7D8D /* BrainCloudCpp-watchOS */ = {
			isa = PBXNativeTarget;
			buildConfigurationList = DF2230791CE38B06003A7D8D /* Build configuration list for PBXNativeTarget "BrainCloudCpp-watchOS" */;
			buildPhases = (
				DF2230381CE38B06003A7D8D /* Sources */,
				DF2230741CE38B06003A7D8D /* Frameworks */,
				DF2230781CE38B06003A7D8D /* CopyFiles */,
			);
			buildRules = (
			);
			dependencies = (
			);
			name = "BrainCloudCpp-watchOS";
			productName = "BrainCloudSDK-iOS";
			productReference = DF22307C1CE38B06003A7D8D /* libBrainCloud-watchOS.a */;
			productType = "com.apple.product-type.library.static";
		};
/* End PBXNativeTarget section */

/* Begin PBXProject section */
		D84A6FE61C736F7800291D06 /* Project object */ = {
			isa = PBXProject;
			attributes = {
				LastUpgradeCheck = 0720;
				ORGANIZATIONNAME = "BitHeads Inc.";
				TargetAttributes = {
					D84A700D1C73704D00291D06 = {
						CreatedOnToolsVersion = 7.2.1;
					};
					D84A701A1C73706900291D06 = {
						CreatedOnToolsVersion = 7.2.1;
					};
					D84A70271C73707C00291D06 = {
						CreatedOnToolsVersion = 7.2.1;
					};
				};
			};
			buildConfigurationList = D84A6FE91C736F7800291D06 /* Build configuration list for PBXProject "BrainCloudCpp" */;
			compatibilityVersion = "Xcode 3.2";
			developmentRegion = English;
			hasScannedForEncodings = 0;
			knownRegions = (
				en,
			);
			mainGroup = D84A6FE51C736F7800291D06;
			productRefGroup = D84A6FF01C736F7800291D06 /* Products */;
			projectDirPath = "";
			projectRoot = "";
			targets = (
				D84A700D1C73704D00291D06 /* BrainCloudCpp-iOS */,
				D84A70271C73707C00291D06 /* BrainCloudCpp-OSX */,
				D84A701A1C73706900291D06 /* BrainCloudCpp-tvOS */,
				DF2230371CE38B06003A7D8D /* BrainCloudCpp-watchOS */,
			);
		};
/* End PBXProject section */

/* Begin PBXSourcesBuildPhase section */
		D84A700A1C73704D00291D06 /* Sources */ = {
			isa = PBXSourcesBuildPhase;
			buildActionMask = 2147483647;
			files = (
				249F589D1CE3B6E2009D03E4 /* BrainCloudGroup.cpp in Sources */,
				8517BAE3221C9622006E3C95 /* BrainCloudRTTRegistration.cpp in Sources */,
				DF932CC41CD9231B0085137C /* ServiceName.cpp in Sources */,
				DF932CA41CD9231B0085137C /* BrainCloudGlobalEntity.cpp in Sources */,
				DF932CCF1CD9231B0085137C /* URLResponse.cpp in Sources */,
				DF932CA11CD9231B0085137C /* BrainCloudFriend.cpp in Sources */,
				DF932CAA1CD9231B0085137C /* BrainCloudPlayerState.cpp in Sources */,
				24CB44D61E1EE13E005B1B56 /* BrainCloudMail.cpp in Sources */,
				DF932CBA1CD9231B0085137C /* JsonUtil.cpp in Sources */,
				DF932CB31CD9231B0085137C /* BrainCloudSocialLeaderboard.cpp in Sources */,
				DF932CA21CD9231B0085137C /* BrainCloudGamification.cpp in Sources */,
				FC39385A207E48F400F161AF /* GUID.mm in Sources */,
				DF932CA61CD9231B0085137C /* BrainCloudIdentity.cpp in Sources */,
				FC393852207E48F400F161AF /* AppleDevice.cpp in Sources */,
				FC393862207E48F400F161AF /* nsURLLoader.mm in Sources */,
				DF932DA51CD9296E0085137C /* md5x.c in Sources */,
				DF932CB21CD9231B0085137C /* BrainCloudScript.cpp in Sources */,
				8517BAE1221C9622006E3C95 /* BrainCloudMessaging.cpp in Sources */,
				8517BAE6221C9622006E3C95 /* DefaultTCPSocket.cpp in Sources */,
				DF932CCA1CD9231B0085137C /* URLLoader.cpp in Sources */,
				DF932CB01CD9231B0085137C /* BrainCloudRedemptionCode.cpp in Sources */,
				DF932CC31CD9231B0085137C /* ServerCall.cpp in Sources */,
				FC393848207E48D000F161AF /* SSKeychainQuery.m in Sources */,
				DF932CB71CD9231B0085137C /* FriendPlatform.cpp in Sources */,
				8517BAE4221C9622006E3C95 /* BrainCloudVirtualCurrency.cpp in Sources */,
				DF932CC51CD9231B0085137C /* ServiceOperation.cpp in Sources */,
				DF932CA71CD9231B0085137C /* BrainCloudMatchmaking.cpp in Sources */,
				DF932CB11CD9231B0085137C /* BrainCloudS3Handling.cpp in Sources */,
				8517BADE221C9622006E3C95 /* BrainCloudAppStore.cpp in Sources */,
				DF932C991CD9231B0085137C /* BrainCloudAsyncMatch.cpp in Sources */,
				DF932CC81CD9231B0085137C /* TimerCallback.cpp in Sources */,
				DF932CB81CD9231B0085137C /* GUID.cpp in Sources */,
				DF9D06B91CEDE70E0011F98A /* BrainCloudWrapper.cpp in Sources */,
				DF932CC61CD9231B0085137C /* StringUtil.cpp in Sources */,
				DF932CAC1CD9231B0085137C /* BrainCloudPlayerStatisticsEvent.cpp in Sources */,
				24CB44D71E1EE13E005B1B56 /* BrainCloudTournament.cpp in Sources */,
				DF932CA81CD9231B0085137C /* BrainCloudOneWayMatch.cpp in Sources */,
				FC39382B207E480C00F161AF /* DefaultBrainCloudComms.cpp in Sources */,
				FC393835207E484500F161AF /* DefaultSaveDataHelper.cpp in Sources */,
				FC393843207E48D000F161AF /* SSKeychain.m in Sources */,
				DF932CCB1CD9231B0085137C /* URLLoaderClient.cpp in Sources */,
				DF932CB51CD9231B0085137C /* BrainCloudTime.cpp in Sources */,
				DF932C9D1CD9231B0085137C /* BrainCloudDataStream.cpp in Sources */,
				DF932CA51CD9231B0085137C /* BrainCloudGlobalStatistics.cpp in Sources */,
				DF932C9A1CD9231B0085137C /* BrainCloudAuthentication.cpp in Sources */,
				DF932CB41CD9231B0085137C /* BrainCloudSteam.cpp in Sources */,
				DF932CAF1CD9231B0085137C /* BrainCloudPushNotification.cpp in Sources */,
				DF932C981CD9231B0085137C /* AuthenticationType.cpp in Sources */,
				DF932CAD1CD9231B0085137C /* BrainCloudProduct.cpp in Sources */,
				DF932CA31CD9231B0085137C /* BrainCloudGlobalApp.cpp in Sources */,
				DF932C9B1CD9231B0085137C /* BrainCloudClient.cpp in Sources */,
				DF932CAB1CD9231B0085137C /* BrainCloudPlayerStatistics.cpp in Sources */,
				8517BAE7221C9622006E3C95 /* DefaultWebSocket.cpp in Sources */,
				DF932E311CD92B680085137C /* jsoncpp.cpp in Sources */,
				DF932CC21CD9231B0085137C /* Platform.cpp in Sources */,
				DF932CC11CD9231B0085137C /* OperationParam.cpp in Sources */,
				DF932CCC1CD9231B0085137C /* URLRequest.cpp in Sources */,
				DF932CA91CD9231B0085137C /* BrainCloudPlaybackStream.cpp in Sources */,
				8517BAE8221C9622006E3C95 /* RTTComms.cpp in Sources */,
				DF932CCD1CD9231B0085137C /* URLRequestHeader.cpp in Sources */,
				8517BAE2221C9622006E3C95 /* BrainCloudPresence.cpp in Sources */,
				DF932C9E1CD9231B0085137C /* BrainCloudEntity.cpp in Sources */,
				DF932CCE1CD9231B0085137C /* URLRequestMethod.cpp in Sources */,
				DF932C9F1CD9231B0085137C /* BrainCloudEvent.cpp in Sources */,
				DF932CC91CD9231B0085137C /* TimeUtil.cpp in Sources */,
				8517BADF221C9622006E3C95 /* BrainCloudChat.cpp in Sources */,
				8517BAE0221C9622006E3C95 /* BrainCloudLobby.cpp in Sources */,
				8517BAE5221C9622006E3C95 /* DefaultFileUploader.cpp in Sources */,
				FC39385E207E48F400F161AF /* nsFileUploader.mm in Sources */,
				DF932CAE1CD9231B0085137C /* BrainCloudProfanity.cpp in Sources */,
				DF932CB91CD9231B0085137C /* IBrainCloudComms.cpp in Sources */,
				8517BAE9221C9622006E3C95 /* SaveDataHelper.cpp in Sources */,
				FC393856207E48F400F161AF /* AppleSaveDataHelper.mm in Sources */,
				DF932CA01CD9231B0085137C /* BrainCloudFile.cpp in Sources */,
				FC393831207E484500F161AF /* DefaultGUID.cpp in Sources */,
			);
			runOnlyForDeploymentPostprocessing = 0;
		};
		D84A70171C73706900291D06 /* Sources */ = {
			isa = PBXSourcesBuildPhase;
			buildActionMask = 2147483647;
			files = (
				DF8E92861CEDE8FF002C2387 /* BrainCloudGroup.cpp in Sources */,
				DF932DCE1CD92AAB0085137C /* BrainCloudClient.cpp in Sources */,
				FC393845207E48D000F161AF /* SSKeychain.m in Sources */,
				DF932DD61CD92AAB0085137C /* BrainCloudGlobalApp.cpp in Sources */,
				FC393833207E484500F161AF /* DefaultGUID.cpp in Sources */,
				FC393837207E484500F161AF /* DefaultSaveDataHelper.cpp in Sources */,
				DF932E271CD92AB60085137C /* URLResponse.cpp in Sources */,
				DF932DEB1CD92AAB0085137C /* GUID.cpp in Sources */,
				DF932DCD1CD92AAB0085137C /* BrainCloudAuthentication.cpp in Sources */,
				DF932DE61CD92AAB0085137C /* BrainCloudSocialLeaderboard.cpp in Sources */,
				DF932DDD1CD92AAB0085137C /* BrainCloudPlayerState.cpp in Sources */,
				DF932E251CD92AB60085137C /* URLRequestHeader.cpp in Sources */,
				DF932E241CD92AB60085137C /* URLRequest.cpp in Sources */,
				FC393858207E48F400F161AF /* AppleSaveDataHelper.mm in Sources */,
				DF932E211CD92AB60085137C /* TimeUtil.cpp in Sources */,
				FC393864207E48F400F161AF /* nsURLLoader.mm in Sources */,
				DF932DD91CD92AAB0085137C /* BrainCloudIdentity.cpp in Sources */,
				DF932DDB1CD92AAB0085137C /* BrainCloudOneWayMatch.cpp in Sources */,
				DF932E1B1CD92AB60085137C /* ServerCall.cpp in Sources */,
				DF932DE11CD92AAB0085137C /* BrainCloudProfanity.cpp in Sources */,
				DF932DE71CD92AAB0085137C /* BrainCloudSteam.cpp in Sources */,
				DF932DEA1CD92AAB0085137C /* FriendPlatform.cpp in Sources */,
				FC393854207E48F400F161AF /* AppleDevice.cpp in Sources */,
				DF932DE41CD92AAB0085137C /* BrainCloudS3Handling.cpp in Sources */,
				DF932DCC1CD92AAB0085137C /* BrainCloudAsyncMatch.cpp in Sources */,
				DF932E1D1CD92AB60085137C /* ServiceOperation.cpp in Sources */,
				DF932DDA1CD92AAB0085137C /* BrainCloudMatchmaking.cpp in Sources */,
				FC393860207E48F400F161AF /* nsFileUploader.mm in Sources */,
				DF932DE31CD92AAB0085137C /* BrainCloudRedemptionCode.cpp in Sources */,
				DF932E1E1CD92AB60085137C /* StringUtil.cpp in Sources */,
				FC39385C207E48F400F161AF /* GUID.mm in Sources */,
				DF932E231CD92AB60085137C /* URLLoaderClient.cpp in Sources */,
				DF932DE01CD92AAB0085137C /* BrainCloudProduct.cpp in Sources */,
				DF932DE51CD92AAB0085137C /* BrainCloudScript.cpp in Sources */,
				DF932DEC1CD92AAB0085137C /* IBrainCloudComms.cpp in Sources */,
				DF932E1C1CD92AB60085137C /* ServiceName.cpp in Sources */,
				DF932DA71CD9296E0085137C /* md5x.c in Sources */,
				DF932E221CD92AB60085137C /* URLLoader.cpp in Sources */,
				DF932DD71CD92AAB0085137C /* BrainCloudGlobalEntity.cpp in Sources */,
				DF932DDC1CD92AAB0085137C /* BrainCloudPlaybackStream.cpp in Sources */,
				DF932DE81CD92AAB0085137C /* BrainCloudTime.cpp in Sources */,
				DF932E261CD92AB60085137C /* URLRequestMethod.cpp in Sources */,
				DF932DD51CD92AAB0085137C /* BrainCloudGamification.cpp in Sources */,
				DF932E201CD92AB60085137C /* TimerCallback.cpp in Sources */,
				DF932DD11CD92AAB0085137C /* BrainCloudEntity.cpp in Sources */,
				DF9D06BB1CEDE71B0011F98A /* BrainCloudWrapper.cpp in Sources */,
				DF932E331CD92B680085137C /* jsoncpp.cpp in Sources */,
				DF932E1A1CD92AB60085137C /* Platform.cpp in Sources */,
				FC39382D207E480C00F161AF /* DefaultBrainCloudComms.cpp in Sources */,
				DF932DED1CD92AAB0085137C /* JsonUtil.cpp in Sources */,
				DF932DDE1CD92AAB0085137C /* BrainCloudPlayerStatistics.cpp in Sources */,
				DF932DD81CD92AAB0085137C /* BrainCloudGlobalStatistics.cpp in Sources */,
				DF932DD41CD92AAB0085137C /* BrainCloudFriend.cpp in Sources */,
				DF932DD01CD92AAB0085137C /* BrainCloudDataStream.cpp in Sources */,
				DF932DCB1CD92AAB0085137C /* AuthenticationType.cpp in Sources */,
				DF932DDF1CD92AAB0085137C /* BrainCloudPlayerStatisticsEvent.cpp in Sources */,
				DF932E191CD92AB60085137C /* OperationParam.cpp in Sources */,
				FC39384A207E48D000F161AF /* SSKeychainQuery.m in Sources */,
				DF932DD31CD92AAB0085137C /* BrainCloudFile.cpp in Sources */,
				DF932DE21CD92AAB0085137C /* BrainCloudPushNotification.cpp in Sources */,
				DF932DD21CD92AAB0085137C /* BrainCloudEvent.cpp in Sources */,
			);
			runOnlyForDeploymentPostprocessing = 0;
		};
		D84A70241C73707C00291D06 /* Sources */ = {
			isa = PBXSourcesBuildPhase;
			buildActionMask = 2147483647;
			files = (
				DF8E92851CEDE8FF002C2387 /* BrainCloudGroup.cpp in Sources */,
				DF932DAB1CD92AAB0085137C /* BrainCloudClient.cpp in Sources */,
				FC393844207E48D000F161AF /* SSKeychain.m in Sources */,
				DF932DB31CD92AAB0085137C /* BrainCloudGlobalApp.cpp in Sources */,
				FC393832207E484500F161AF /* DefaultGUID.cpp in Sources */,
				FC393836207E484500F161AF /* DefaultSaveDataHelper.cpp in Sources */,
				DF932E141CD92AB50085137C /* URLResponse.cpp in Sources */,
				DF932DC81CD92AAB0085137C /* GUID.cpp in Sources */,
				DF932DAA1CD92AAB0085137C /* BrainCloudAuthentication.cpp in Sources */,
				DF932DC31CD92AAB0085137C /* BrainCloudSocialLeaderboard.cpp in Sources */,
				DF932DBA1CD92AAB0085137C /* BrainCloudPlayerState.cpp in Sources */,
				DF932E121CD92AB50085137C /* URLRequestHeader.cpp in Sources */,
				DF932E111CD92AB50085137C /* URLRequest.cpp in Sources */,
				FC393857207E48F400F161AF /* AppleSaveDataHelper.mm in Sources */,
				DF932E0E1CD92AB50085137C /* TimeUtil.cpp in Sources */,
				FC393863207E48F400F161AF /* nsURLLoader.mm in Sources */,
				DF932DB61CD92AAB0085137C /* BrainCloudIdentity.cpp in Sources */,
				DF932DB81CD92AAB0085137C /* BrainCloudOneWayMatch.cpp in Sources */,
				DF932DBE1CD92AAB0085137C /* BrainCloudProfanity.cpp in Sources */,
				DF932E081CD92AB50085137C /* ServerCall.cpp in Sources */,
				DF932DC41CD92AAB0085137C /* BrainCloudSteam.cpp in Sources */,
				DF932DC71CD92AAB0085137C /* FriendPlatform.cpp in Sources */,
				FC393853207E48F400F161AF /* AppleDevice.cpp in Sources */,
				DF932DC11CD92AAB0085137C /* BrainCloudS3Handling.cpp in Sources */,
				DF932DA91CD92AAB0085137C /* BrainCloudAsyncMatch.cpp in Sources */,
				DF932E0A1CD92AB50085137C /* ServiceOperation.cpp in Sources */,
				DF932DB71CD92AAB0085137C /* BrainCloudMatchmaking.cpp in Sources */,
				FC39385F207E48F400F161AF /* nsFileUploader.mm in Sources */,
				DF932DC01CD92AAB0085137C /* BrainCloudRedemptionCode.cpp in Sources */,
				DF932E0B1CD92AB50085137C /* StringUtil.cpp in Sources */,
				FC39385B207E48F400F161AF /* GUID.mm in Sources */,
				DF932E101CD92AB50085137C /* URLLoaderClient.cpp in Sources */,
				DF932DBD1CD92AAB0085137C /* BrainCloudProduct.cpp in Sources */,
				DF932DC21CD92AAB0085137C /* BrainCloudScript.cpp in Sources */,
				DF932DC91CD92AAB0085137C /* IBrainCloudComms.cpp in Sources */,
				DF932E091CD92AB50085137C /* ServiceName.cpp in Sources */,
				DF932DB41CD92AAB0085137C /* BrainCloudGlobalEntity.cpp in Sources */,
				DF932E0F1CD92AB50085137C /* URLLoader.cpp in Sources */,
				DF932E031CD92AB50085137C /* md5x.c in Sources */,
				DF932DB91CD92AAB0085137C /* BrainCloudPlaybackStream.cpp in Sources */,
				DF932DC51CD92AAB0085137C /* BrainCloudTime.cpp in Sources */,
				DF932DB21CD92AAB0085137C /* BrainCloudGamification.cpp in Sources */,
				DF932E131CD92AB50085137C /* URLRequestMethod.cpp in Sources */,
				DF932DAE1CD92AAB0085137C /* BrainCloudEntity.cpp in Sources */,
				DF932E0D1CD92AB50085137C /* TimerCallback.cpp in Sources */,
				DF932DCA1CD92AAB0085137C /* JsonUtil.cpp in Sources */,
				DF9D06BA1CEDE71B0011F98A /* BrainCloudWrapper.cpp in Sources */,
				DF932E321CD92B680085137C /* jsoncpp.cpp in Sources */,
				DF932E071CD92AB50085137C /* Platform.cpp in Sources */,
				FC39382C207E480C00F161AF /* DefaultBrainCloudComms.cpp in Sources */,
				DF932DBB1CD92AAB0085137C /* BrainCloudPlayerStatistics.cpp in Sources */,
				DF932DB51CD92AAB0085137C /* BrainCloudGlobalStatistics.cpp in Sources */,
				DF932DB11CD92AAB0085137C /* BrainCloudFriend.cpp in Sources */,
				DF932DAD1CD92AAB0085137C /* BrainCloudDataStream.cpp in Sources */,
				DF932DA81CD92AAB0085137C /* AuthenticationType.cpp in Sources */,
				DF932DBC1CD92AAB0085137C /* BrainCloudPlayerStatisticsEvent.cpp in Sources */,
				DF932E061CD92AB50085137C /* OperationParam.cpp in Sources */,
				FC393849207E48D000F161AF /* SSKeychainQuery.m in Sources */,
				DF932DB01CD92AAB0085137C /* BrainCloudFile.cpp in Sources */,
				DF932DBF1CD92AAB0085137C /* BrainCloudPushNotification.cpp in Sources */,
				DF932DAF1CD92AAB0085137C /* BrainCloudEvent.cpp in Sources */,
			);
			runOnlyForDeploymentPostprocessing = 0;
		};
		DF2230381CE38B06003A7D8D /* Sources */ = {
			isa = PBXSourcesBuildPhase;
			buildActionMask = 2147483647;
			files = (
				DF2230391CE38B06003A7D8D /* ServiceName.cpp in Sources */,
				DF22303A1CE38B06003A7D8D /* BrainCloudGlobalEntity.cpp in Sources */,
				FC393846207E48D000F161AF /* SSKeychain.m in Sources */,
				DF22303B1CE38B06003A7D8D /* URLResponse.cpp in Sources */,
				FC393834207E484500F161AF /* DefaultGUID.cpp in Sources */,
				FC393838207E484500F161AF /* DefaultSaveDataHelper.cpp in Sources */,
				DF22303C1CE38B06003A7D8D /* BrainCloudFriend.cpp in Sources */,
				DF22303D1CE38B06003A7D8D /* BrainCloudPlayerState.cpp in Sources */,
				DF22303E1CE38B06003A7D8D /* JsonUtil.cpp in Sources */,
				DF22303F1CE38B06003A7D8D /* BrainCloudSocialLeaderboard.cpp in Sources */,
				DF2230411CE38B06003A7D8D /* BrainCloudGamification.cpp in Sources */,
				DF2230421CE38B06003A7D8D /* BrainCloudIdentity.cpp in Sources */,
				DF2230431CE38B06003A7D8D /* md5x.c in Sources */,
				FC393859207E48F400F161AF /* AppleSaveDataHelper.mm in Sources */,
				DF2230441CE38B06003A7D8D /* BrainCloudScript.cpp in Sources */,
				FC393865207E48F400F161AF /* nsURLLoader.mm in Sources */,
				DF2230451CE38B06003A7D8D /* URLLoader.cpp in Sources */,
				DF2230461CE38B06003A7D8D /* BrainCloudRedemptionCode.cpp in Sources */,
				DF2230471CE38B06003A7D8D /* ServerCall.cpp in Sources */,
				DF2230491CE38B06003A7D8D /* FriendPlatform.cpp in Sources */,
				DF22304A1CE38B06003A7D8D /* ServiceOperation.cpp in Sources */,
				DF22304B1CE38B06003A7D8D /* BrainCloudMatchmaking.cpp in Sources */,
				FC393855207E48F400F161AF /* AppleDevice.cpp in Sources */,
				DF22304D1CE38B06003A7D8D /* BrainCloudS3Handling.cpp in Sources */,
				DF22304E1CE38B06003A7D8D /* BrainCloudAsyncMatch.cpp in Sources */,
				DF22304F1CE38B06003A7D8D /* TimerCallback.cpp in Sources */,
				DF2230501CE38B06003A7D8D /* GUID.cpp in Sources */,
				FC393861207E48F400F161AF /* nsFileUploader.mm in Sources */,
				DF2230511CE38B06003A7D8D /* StringUtil.cpp in Sources */,
				DF2230521CE38B06003A7D8D /* BrainCloudPlayerStatisticsEvent.cpp in Sources */,
				FC39385D207E48F400F161AF /* GUID.mm in Sources */,
				DF2230531CE38B06003A7D8D /* BrainCloudOneWayMatch.cpp in Sources */,
				DF2230551CE38B06003A7D8D /* URLLoaderClient.cpp in Sources */,
				DF2230571CE38B06003A7D8D /* BrainCloudTime.cpp in Sources */,
				DF2230581CE38B06003A7D8D /* BrainCloudDataStream.cpp in Sources */,
				DF8E92871CEDE8FF002C2387 /* BrainCloudGroup.cpp in Sources */,
				DF2230591CE38B06003A7D8D /* BrainCloudGlobalStatistics.cpp in Sources */,
				DF22305A1CE38B06003A7D8D /* BrainCloudAuthentication.cpp in Sources */,
				DF22305B1CE38B06003A7D8D /* BrainCloudSteam.cpp in Sources */,
				DF22305C1CE38B06003A7D8D /* BrainCloudPushNotification.cpp in Sources */,
				DF22305D1CE38B06003A7D8D /* AuthenticationType.cpp in Sources */,
				DF22305F1CE38B06003A7D8D /* BrainCloudProduct.cpp in Sources */,
				DF2230601CE38B06003A7D8D /* BrainCloudGlobalApp.cpp in Sources */,
				DF2230611CE38B06003A7D8D /* BrainCloudClient.cpp in Sources */,
				DF2230621CE38B06003A7D8D /* BrainCloudPlayerStatistics.cpp in Sources */,
				DF2230631CE38B06003A7D8D /* jsoncpp.cpp in Sources */,
				DF2230641CE38B06003A7D8D /* Platform.cpp in Sources */,
				DF2230651CE38B06003A7D8D /* OperationParam.cpp in Sources */,
				DF2230661CE38B06003A7D8D /* URLRequest.cpp in Sources */,
				FC39382E207E480C00F161AF /* DefaultBrainCloudComms.cpp in Sources */,
				DF2230671CE38B06003A7D8D /* BrainCloudPlaybackStream.cpp in Sources */,
				DF2230681CE38B06003A7D8D /* URLRequestHeader.cpp in Sources */,
				DF2230691CE38B06003A7D8D /* BrainCloudEntity.cpp in Sources */,
				DF22306A1CE38B06003A7D8D /* URLRequestMethod.cpp in Sources */,
				DF22306B1CE38B06003A7D8D /* BrainCloudEvent.cpp in Sources */,
				DF22306C1CE38B06003A7D8D /* TimeUtil.cpp in Sources */,
				DF22306D1CE38B06003A7D8D /* BrainCloudProfanity.cpp in Sources */,
				DF9D06BC1CEDE71C0011F98A /* BrainCloudWrapper.cpp in Sources */,
				FC39384B207E48D000F161AF /* SSKeychainQuery.m in Sources */,
				DF22306F1CE38B06003A7D8D /* IBrainCloudComms.cpp in Sources */,
				DF2230701CE38B06003A7D8D /* BrainCloudFile.cpp in Sources */,
			);
			runOnlyForDeploymentPostprocessing = 0;
		};
/* End PBXSourcesBuildPhase section */

/* Begin XCBuildConfiguration section */
		D84A70011C736F7800291D06 /* Debug */ = {
			isa = XCBuildConfiguration;
			buildSettings = {
				ALWAYS_SEARCH_USER_PATHS = NO;
				CLANG_CXX_LANGUAGE_STANDARD = "gnu++0x";
				CLANG_CXX_LIBRARY = "libc++";
				CLANG_ENABLE_MODULES = YES;
				CLANG_ENABLE_OBJC_ARC = YES;
				CLANG_WARN_BOOL_CONVERSION = YES;
				CLANG_WARN_CONSTANT_CONVERSION = YES;
				CLANG_WARN_DIRECT_OBJC_ISA_USAGE = YES_ERROR;
				CLANG_WARN_EMPTY_BODY = YES;
				CLANG_WARN_ENUM_CONVERSION = YES;
				CLANG_WARN_INT_CONVERSION = YES;
				CLANG_WARN_OBJC_ROOT_CLASS = YES_ERROR;
				CLANG_WARN_UNREACHABLE_CODE = YES;
				CLANG_WARN__DUPLICATE_METHOD_MATCH = YES;
				CODE_SIGN_IDENTITY = "-";
				COPY_PHASE_STRIP = NO;
				CURRENT_PROJECT_VERSION = 1;
				DEBUG_INFORMATION_FORMAT = dwarf;
				ENABLE_STRICT_OBJC_MSGSEND = YES;
				ENABLE_TESTABILITY = YES;
				GCC_C_LANGUAGE_STANDARD = gnu99;
				GCC_DYNAMIC_NO_PIC = NO;
				GCC_NO_COMMON_BLOCKS = YES;
				GCC_OPTIMIZATION_LEVEL = 0;
				GCC_PREPROCESSOR_DEFINITIONS = (
					"DEBUG=1",
					"$(inherited)",
				);
				GCC_WARN_64_TO_32_BIT_CONVERSION = YES;
				GCC_WARN_ABOUT_RETURN_TYPE = YES_ERROR;
				GCC_WARN_UNDECLARED_SELECTOR = YES;
				GCC_WARN_UNINITIALIZED_AUTOS = YES_AGGRESSIVE;
				GCC_WARN_UNUSED_FUNCTION = YES;
				GCC_WARN_UNUSED_VARIABLE = YES;
				HEADER_SEARCH_PATHS = (
					"../../lib/jsoncpp-1.0.0",
					../../include,
					../../lib/apple/sskeychain,
				);
				MACOSX_DEPLOYMENT_TARGET = 10.12;
				MTL_ENABLE_DEBUG_INFO = YES;
				ONLY_ACTIVE_ARCH = YES;
				SDKROOT = macosx;
				VERSIONING_SYSTEM = "apple-generic";
				VERSION_INFO_PREFIX = "";
			};
			name = Debug;
		};
		D84A70021C736F7800291D06 /* Release */ = {
			isa = XCBuildConfiguration;
			buildSettings = {
				ALWAYS_SEARCH_USER_PATHS = NO;
				CLANG_CXX_LANGUAGE_STANDARD = "gnu++0x";
				CLANG_CXX_LIBRARY = "libc++";
				CLANG_ENABLE_MODULES = YES;
				CLANG_ENABLE_OBJC_ARC = YES;
				CLANG_WARN_BOOL_CONVERSION = YES;
				CLANG_WARN_CONSTANT_CONVERSION = YES;
				CLANG_WARN_DIRECT_OBJC_ISA_USAGE = YES_ERROR;
				CLANG_WARN_EMPTY_BODY = YES;
				CLANG_WARN_ENUM_CONVERSION = YES;
				CLANG_WARN_INT_CONVERSION = YES;
				CLANG_WARN_OBJC_ROOT_CLASS = YES_ERROR;
				CLANG_WARN_UNREACHABLE_CODE = YES;
				CLANG_WARN__DUPLICATE_METHOD_MATCH = YES;
				CODE_SIGN_IDENTITY = "-";
				COPY_PHASE_STRIP = NO;
				CURRENT_PROJECT_VERSION = 1;
				DEBUG_INFORMATION_FORMAT = "dwarf-with-dsym";
				ENABLE_NS_ASSERTIONS = NO;
				ENABLE_STRICT_OBJC_MSGSEND = YES;
				GCC_C_LANGUAGE_STANDARD = gnu99;
				GCC_NO_COMMON_BLOCKS = YES;
				GCC_WARN_64_TO_32_BIT_CONVERSION = YES;
				GCC_WARN_ABOUT_RETURN_TYPE = YES_ERROR;
				GCC_WARN_UNDECLARED_SELECTOR = YES;
				GCC_WARN_UNINITIALIZED_AUTOS = YES_AGGRESSIVE;
				GCC_WARN_UNUSED_FUNCTION = YES;
				GCC_WARN_UNUSED_VARIABLE = YES;
				HEADER_SEARCH_PATHS = (
					"../../lib/jsoncpp-1.0.0",
					../../include,
					../../lib/apple/sskeychain,
				);
				MACOSX_DEPLOYMENT_TARGET = 10.12;
				MTL_ENABLE_DEBUG_INFO = NO;
				SDKROOT = macosx;
				VERSIONING_SYSTEM = "apple-generic";
				VERSION_INFO_PREFIX = "";
			};
			name = Release;
		};
		D84A70151C73704D00291D06 /* Debug */ = {
			isa = XCBuildConfiguration;
			buildSettings = {
				"CODE_SIGN_IDENTITY[sdk=iphoneos*]" = "iPhone Developer";
				HEADER_SEARCH_PATHS = "$(inherited)";
				IPHONEOS_DEPLOYMENT_TARGET = 9.2;
				LIBRARY_SEARCH_PATHS = (
					"$(inherited)",
					"$(PROJECT_DIR)/$(TARGET_NAME)",
				);
				OTHER_LDFLAGS = "-ObjC";
				PRODUCT_NAME = "BrainCloud-iOS";
				SDKROOT = iphoneos;
				SKIP_INSTALL = YES;
			};
			name = Debug;
		};
		D84A70161C73704D00291D06 /* Release */ = {
			isa = XCBuildConfiguration;
			buildSettings = {
				"CODE_SIGN_IDENTITY[sdk=iphoneos*]" = "iPhone Developer";
				HEADER_SEARCH_PATHS = "$(inherited)";
				IPHONEOS_DEPLOYMENT_TARGET = 9.2;
				LIBRARY_SEARCH_PATHS = (
					"$(inherited)",
					"$(PROJECT_DIR)/$(TARGET_NAME)",
				);
				OTHER_LDFLAGS = "-ObjC";
				PRODUCT_NAME = "BrainCloud-iOS";
				SDKROOT = iphoneos;
				SKIP_INSTALL = YES;
				VALIDATE_PRODUCT = YES;
			};
			name = Release;
		};
		D84A70221C73706900291D06 /* Debug */ = {
			isa = XCBuildConfiguration;
			buildSettings = {
				HEADER_SEARCH_PATHS = "$(inherited)";
				LIBRARY_SEARCH_PATHS = (
					"$(inherited)",
					"$(PROJECT_DIR)/$(TARGET_NAME)",
				);
				OTHER_LDFLAGS = "-ObjC";
				PRODUCT_NAME = "BrainCloud-tvOS";
				SDKROOT = appletvos;
				SKIP_INSTALL = YES;
				TVOS_DEPLOYMENT_TARGET = 9.1;
			};
			name = Debug;
		};
		D84A70231C73706900291D06 /* Release */ = {
			isa = XCBuildConfiguration;
			buildSettings = {
				HEADER_SEARCH_PATHS = "$(inherited)";
				LIBRARY_SEARCH_PATHS = (
					"$(inherited)",
					"$(PROJECT_DIR)/$(TARGET_NAME)",
				);
				OTHER_LDFLAGS = "-ObjC";
				PRODUCT_NAME = "BrainCloud-tvOS";
				SDKROOT = appletvos;
				SKIP_INSTALL = YES;
				TVOS_DEPLOYMENT_TARGET = 9.1;
				VALIDATE_PRODUCT = YES;
			};
			name = Release;
		};
		D84A702F1C73707C00291D06 /* Debug */ = {
			isa = XCBuildConfiguration;
			buildSettings = {
				EXECUTABLE_PREFIX = lib;
				HEADER_SEARCH_PATHS = "$(inherited)";
				LIBRARY_SEARCH_PATHS = (
					"$(inherited)",
					"$(PROJECT_DIR)/$(TARGET_NAME)",
				);
				PRODUCT_NAME = "BrainCloud-OSX";
			};
			name = Debug;
		};
		D84A70301C73707C00291D06 /* Release */ = {
			isa = XCBuildConfiguration;
			buildSettings = {
				EXECUTABLE_PREFIX = lib;
				HEADER_SEARCH_PATHS = "$(inherited)";
				LIBRARY_SEARCH_PATHS = (
					"$(inherited)",
					"$(PROJECT_DIR)/$(TARGET_NAME)",
				);
				PRODUCT_NAME = "BrainCloud-OSX";
			};
			name = Release;
		};
		DF22307A1CE38B06003A7D8D /* Debug */ = {
			isa = XCBuildConfiguration;
			buildSettings = {
				"CODE_SIGN_IDENTITY[sdk=iphoneos*]" = "iPhone Developer";
				HEADER_SEARCH_PATHS = "$(inherited)";
				IPHONEOS_DEPLOYMENT_TARGET = 9.2;
				LIBRARY_SEARCH_PATHS = (
					"$(inherited)",
					"$(PROJECT_DIR)/$(TARGET_NAME)",
				);
				OTHER_LDFLAGS = "-ObjC";
				PRODUCT_NAME = "BrainCloud-watchOS";
				SDKROOT = watchos;
				SKIP_INSTALL = YES;
				SUPPORTED_PLATFORMS = "watchsimulator watchos";
				VALID_ARCHS = armv7k;
			};
			name = Debug;
		};
		DF22307B1CE38B06003A7D8D /* Release */ = {
			isa = XCBuildConfiguration;
			buildSettings = {
				"CODE_SIGN_IDENTITY[sdk=iphoneos*]" = "iPhone Developer";
				HEADER_SEARCH_PATHS = "$(inherited)";
				IPHONEOS_DEPLOYMENT_TARGET = 9.2;
				LIBRARY_SEARCH_PATHS = (
					"$(inherited)",
					"$(PROJECT_DIR)/$(TARGET_NAME)",
				);
				OTHER_LDFLAGS = "-ObjC";
				PRODUCT_NAME = "BrainCloud-watchOS";
				SDKROOT = watchos;
				SKIP_INSTALL = YES;
				SUPPORTED_PLATFORMS = "watchsimulator watchos";
				VALIDATE_PRODUCT = YES;
				VALID_ARCHS = armv7k;
			};
			name = Release;
		};
/* End XCBuildConfiguration section */

/* Begin XCConfigurationList section */
		D84A6FE91C736F7800291D06 /* Build configuration list for PBXProject "BrainCloudCpp" */ = {
			isa = XCConfigurationList;
			buildConfigurations = (
				D84A70011C736F7800291D06 /* Debug */,
				D84A70021C736F7800291D06 /* Release */,
			);
			defaultConfigurationIsVisible = 0;
			defaultConfigurationName = Release;
		};
		D84A70141C73704D00291D06 /* Build configuration list for PBXNativeTarget "BrainCloudCpp-iOS" */ = {
			isa = XCConfigurationList;
			buildConfigurations = (
				D84A70151C73704D00291D06 /* Debug */,
				D84A70161C73704D00291D06 /* Release */,
			);
			defaultConfigurationIsVisible = 0;
			defaultConfigurationName = Release;
		};
		D84A70211C73706900291D06 /* Build configuration list for PBXNativeTarget "BrainCloudCpp-tvOS" */ = {
			isa = XCConfigurationList;
			buildConfigurations = (
				D84A70221C73706900291D06 /* Debug */,
				D84A70231C73706900291D06 /* Release */,
			);
			defaultConfigurationIsVisible = 0;
			defaultConfigurationName = Release;
		};
		D84A702E1C73707C00291D06 /* Build configuration list for PBXNativeTarget "BrainCloudCpp-OSX" */ = {
			isa = XCConfigurationList;
			buildConfigurations = (
				D84A702F1C73707C00291D06 /* Debug */,
				D84A70301C73707C00291D06 /* Release */,
			);
			defaultConfigurationIsVisible = 0;
			defaultConfigurationName = Release;
		};
		DF2230791CE38B06003A7D8D /* Build configuration list for PBXNativeTarget "BrainCloudCpp-watchOS" */ = {
			isa = XCConfigurationList;
			buildConfigurations = (
				DF22307A1CE38B06003A7D8D /* Debug */,
				DF22307B1CE38B06003A7D8D /* Release */,
			);
			defaultConfigurationIsVisible = 0;
			defaultConfigurationName = Release;
		};
/* End XCConfigurationList section */
	};
	rootObject = D84A6FE61C736F7800291D06 /* Project object */;
}
